// !$*UTF8*$!
{
	archiveVersion = 1;
	classes = {
	};
	objectVersion = 50;
	objects = {

/* Begin PBXBuildFile section */
		D44BB15C267CC03C008CB3C7 /* StatusBarVC.swift in Sources */ = {isa = PBXBuildFile; fileRef = D44BB15B267CC03C008CB3C7 /* StatusBarVC.swift */; };
		D4E8996E267B12BF00A6A20A /* AppDelegate.swift in Sources */ = {isa = PBXBuildFile; fileRef = D4E8996D267B12BF00A6A20A /* AppDelegate.swift */; };
		D4E89970267B12BF00A6A20A /* SceneDelegate.swift in Sources */ = {isa = PBXBuildFile; fileRef = D4E8996F267B12BF00A6A20A /* SceneDelegate.swift */; };
		D4E89972267B12BF00A6A20A /* ViewController.swift in Sources */ = {isa = PBXBuildFile; fileRef = D4E89971267B12BF00A6A20A /* ViewController.swift */; };
		D4E89975267B12BF00A6A20A /* Main.storyboard in Resources */ = {isa = PBXBuildFile; fileRef = D4E89973267B12BF00A6A20A /* Main.storyboard */; };
		D4E89977267B12C000A6A20A /* Assets.xcassets in Resources */ = {isa = PBXBuildFile; fileRef = D4E89976267B12C000A6A20A /* Assets.xcassets */; };
		D4E8997A267B12C000A6A20A /* LaunchScreen.storyboard in Resources */ = {isa = PBXBuildFile; fileRef = D4E89978267B12C000A6A20A /* LaunchScreen.storyboard */; };
		D4E89982267B162B00A6A20A /* ExpandableCell.swift in Sources */ = {isa = PBXBuildFile; fileRef = D4E89981267B162B00A6A20A /* ExpandableCell.swift */; };
		D4E89984267B2C2200A6A20A /* Expandable.swift in Sources */ = {isa = PBXBuildFile; fileRef = D4E89983267B2C2200A6A20A /* Expandable.swift */; };
/* End PBXBuildFile section */

/* Begin PBXFileReference section */
		D44BB15B267CC03C008CB3C7 /* StatusBarVC.swift */ = {isa = PBXFileReference; lastKnownFileType = sourcecode.swift; path = StatusBarVC.swift; sourceTree = "<group>"; };
		D4E8996A267B12BF00A6A20A /* Animator.app */ = {isa = PBXFileReference; explicitFileType = wrapper.application; includeInIndex = 0; path = Animator.app; sourceTree = BUILT_PRODUCTS_DIR; };
		D4E8996D267B12BF00A6A20A /* AppDelegate.swift */ = {isa = PBXFileReference; lastKnownFileType = sourcecode.swift; path = AppDelegate.swift; sourceTree = "<group>"; };
		D4E8996F267B12BF00A6A20A /* SceneDelegate.swift */ = {isa = PBXFileReference; lastKnownFileType = sourcecode.swift; path = SceneDelegate.swift; sourceTree = "<group>"; };
		D4E89971267B12BF00A6A20A /* ViewController.swift */ = {isa = PBXFileReference; lastKnownFileType = sourcecode.swift; path = ViewController.swift; sourceTree = "<group>"; };
		D4E89974267B12BF00A6A20A /* Base */ = {isa = PBXFileReference; lastKnownFileType = file.storyboard; name = Base; path = Base.lproj/Main.storyboard; sourceTree = "<group>"; };
		D4E89976267B12C000A6A20A /* Assets.xcassets */ = {isa = PBXFileReference; lastKnownFileType = folder.assetcatalog; path = Assets.xcassets; sourceTree = "<group>"; };
		D4E89979267B12C000A6A20A /* Base */ = {isa = PBXFileReference; lastKnownFileType = file.storyboard; name = Base; path = Base.lproj/LaunchScreen.storyboard; sourceTree = "<group>"; };
		D4E8997B267B12C000A6A20A /* Info.plist */ = {isa = PBXFileReference; lastKnownFileType = text.plist.xml; path = Info.plist; sourceTree = "<group>"; };
		D4E89981267B162B00A6A20A /* ExpandableCell.swift */ = {isa = PBXFileReference; lastKnownFileType = sourcecode.swift; path = ExpandableCell.swift; sourceTree = "<group>"; };
		D4E89983267B2C2200A6A20A /* Expandable.swift */ = {isa = PBXFileReference; lastKnownFileType = sourcecode.swift; path = Expandable.swift; sourceTree = "<group>"; };
/* End PBXFileReference section */

/* Begin PBXFrameworksBuildPhase section */
		D4E89967267B12BF00A6A20A /* Frameworks */ = {
			isa = PBXFrameworksBuildPhase;
			buildActionMask = 2147483647;
			files = (
			);
			runOnlyForDeploymentPostprocessing = 0;
		};
/* End PBXFrameworksBuildPhase section */

/* Begin PBXGroup section */
		D4E89961267B12BF00A6A20A = {
			isa = PBXGroup;
			children = (
				D4E8996C267B12BF00A6A20A /* Animator */,
				D4E8996B267B12BF00A6A20A /* Products */,
			);
			sourceTree = "<group>";
		};
		D4E8996B267B12BF00A6A20A /* Products */ = {
			isa = PBXGroup;
			children = (
				D4E8996A267B12BF00A6A20A /* Animator.app */,
			);
			name = Products;
			sourceTree = "<group>";
		};
		D4E8996C267B12BF00A6A20A /* Animator */ = {
			isa = PBXGroup;
			children = (
				D4E8996D267B12BF00A6A20A /* AppDelegate.swift */,
				D4E8996F267B12BF00A6A20A /* SceneDelegate.swift */,
				D4E89971267B12BF00A6A20A /* ViewController.swift */,
				D4E89983267B2C2200A6A20A /* Expandable.swift */,
				D4E89981267B162B00A6A20A /* ExpandableCell.swift */,
				D4E89973267B12BF00A6A20A /* Main.storyboard */,
				D44BB15B267CC03C008CB3C7 /* StatusBarVC.swift */,
				D4E89976267B12C000A6A20A /* Assets.xcassets */,
				D4E89978267B12C000A6A20A /* LaunchScreen.storyboard */,
				D4E8997B267B12C000A6A20A /* Info.plist */,
			);
			path = Animator;
			sourceTree = "<group>";
		};
/* End PBXGroup section */

/* Begin PBXNativeTarget section */
		D4E89969267B12BF00A6A20A /* Animator */ = {
			isa = PBXNativeTarget;
			buildConfigurationList = D4E8997E267B12C000A6A20A /* Build configuration list for PBXNativeTarget "Animator" */;
			buildPhases = (
				D4E89966267B12BF00A6A20A /* Sources */,
				D4E89967267B12BF00A6A20A /* Frameworks */,
				D4E89968267B12BF00A6A20A /* Resources */,
			);
			buildRules = (
			);
			dependencies = (
			);
			name = Animator;
			productName = Animator;
			productReference = D4E8996A267B12BF00A6A20A /* Animator.app */;
			productType = "com.apple.product-type.application";
		};
/* End PBXNativeTarget section */

/* Begin PBXProject section */
		D4E89962267B12BF00A6A20A /* Project object */ = {
			isa = PBXProject;
			attributes = {
				LastSwiftUpdateCheck = 1250;
				LastUpgradeCheck = 1250;
				TargetAttributes = {
					D4E89969267B12BF00A6A20A = {
						CreatedOnToolsVersion = 12.5;
					};
				};
			};
			buildConfigurationList = D4E89965267B12BF00A6A20A /* Build configuration list for PBXProject "Animator" */;
			compatibilityVersion = "Xcode 9.3";
			developmentRegion = en;
			hasScannedForEncodings = 0;
			knownRegions = (
				en,
				Base,
			);
			mainGroup = D4E89961267B12BF00A6A20A;
			productRefGroup = D4E8996B267B12BF00A6A20A /* Products */;
			projectDirPath = "";
			projectRoot = "";
			targets = (
				D4E89969267B12BF00A6A20A /* Animator */,
			);
		};
/* End PBXProject section */

/* Begin PBXResourcesBuildPhase section */
		D4E89968267B12BF00A6A20A /* Resources */ = {
			isa = PBXResourcesBuildPhase;
			buildActionMask = 2147483647;
			files = (
				D4E8997A267B12C000A6A20A /* LaunchScreen.storyboard in Resources */,
				D4E89977267B12C000A6A20A /* Assets.xcassets in Resources */,
				D4E89975267B12BF00A6A20A /* Main.storyboard in Resources */,
			);
			runOnlyForDeploymentPostprocessing = 0;
		};
/* End PBXResourcesBuildPhase section */

/* Begin PBXSourcesBuildPhase section */
		D4E89966267B12BF00A6A20A /* Sources */ = {
			isa = PBXSourcesBuildPhase;
			buildActionMask = 2147483647;
			files = (
				D4E89984267B2C2200A6A20A /* Expandable.swift in Sources */,
				D4E89972267B12BF00A6A20A /* ViewController.swift in Sources */,
				D44BB15C267CC03C008CB3C7 /* StatusBarVC.swift in Sources */,
				D4E8996E267B12BF00A6A20A /* AppDelegate.swift in Sources */,
				D4E89970267B12BF00A6A20A /* SceneDelegate.swift in Sources */,
				D4E89982267B162B00A6A20A /* ExpandableCell.swift in Sources */,
			);
			runOnlyForDeploymentPostprocessing = 0;
		};
/* End PBXSourcesBuildPhase section */

/* Begin PBXVariantGroup section */
		D4E89973267B12BF00A6A20A /* Main.storyboard */ = {
			isa = PBXVariantGroup;
			children = (
				D4E89974267B12BF00A6A20A /* Base */,
			);
			name = Main.storyboard;
			sourceTree = "<group>";
		};
		D4E89978267B12C000A6A20A /* LaunchScreen.storyboard */ = {
			isa = PBXVariantGroup;
			children = (
				D4E89979267B12C000A6A20A /* Base */,
			);
			name = LaunchScreen.storyboard;
			sourceTree = "<group>";
		};
/* End PBXVariantGroup section */

/* Begin XCBuildConfiguration section */
		D4E8997C267B12C000A6A20A /* Debug */ = {
			isa = XCBuildConfiguration;
			buildSettings = {
				ALWAYS_SEARCH_USER_PATHS = NO;
				CLANG_ANALYZER_NONNULL = YES;
				CLANG_ANALYZER_NUMBER_OBJECT_CONVERSION = YES_AGGRESSIVE;
				CLANG_CXX_LANGUAGE_STANDARD = "gnu++14";
				CLANG_CXX_LIBRARY = "libc++";
				CLANG_ENABLE_MODULES = YES;
				CLANG_ENABLE_OBJC_ARC = YES;
				CLANG_ENABLE_OBJC_WEAK = YES;
				CLANG_WARN_BLOCK_CAPTURE_AUTORELEASING = YES;
				CLANG_WARN_BOOL_CONVERSION = YES;
				CLANG_WARN_COMMA = YES;
				CLANG_WARN_CONSTANT_CONVERSION = YES;
				CLANG_WARN_DEPRECATED_OBJC_IMPLEMENTATIONS = YES;
				CLANG_WARN_DIRECT_OBJC_ISA_USAGE = YES_ERROR;
				CLANG_WARN_DOCUMENTATION_COMMENTS = YES;
				CLANG_WARN_EMPTY_BODY = YES;
				CLANG_WARN_ENUM_CONVERSION = YES;
				CLANG_WARN_INFINITE_RECURSION = YES;
				CLANG_WARN_INT_CONVERSION = YES;
				CLANG_WARN_NON_LITERAL_NULL_CONVERSION = YES;
				CLANG_WARN_OBJC_IMPLICIT_RETAIN_SELF = YES;
				CLANG_WARN_OBJC_LITERAL_CONVERSION = YES;
				CLANG_WARN_OBJC_ROOT_CLASS = YES_ERROR;
				CLANG_WARN_QUOTED_INCLUDE_IN_FRAMEWORK_HEADER = YES;
				CLANG_WARN_RANGE_LOOP_ANALYSIS = YES;
				CLANG_WARN_STRICT_PROTOTYPES = YES;
				CLANG_WARN_SUSPICIOUS_MOVE = YES;
				CLANG_WARN_UNGUARDED_AVAILABILITY = YES_AGGRESSIVE;
				CLANG_WARN_UNREACHABLE_CODE = YES;
				CLANG_WARN__DUPLICATE_METHOD_MATCH = YES;
				COPY_PHASE_STRIP = NO;
				DEBUG_INFORMATION_FORMAT = dwarf;
				ENABLE_STRICT_OBJC_MSGSEND = YES;
				ENABLE_TESTABILITY = YES;
				GCC_C_LANGUAGE_STANDARD = gnu11;
				GCC_DYNAMIC_NO_PIC = NO;
				GCC_NO_COMMON_BLOCKS = YES;
				GCC_OPTIMIZATION_LEVEL = 0;
				GCC_PREPROCESSOR_DEFINITIONS = (
					"DEBUG=1",
					"$(inherited)",
				);
				GCC_WARN_64_TO_32_BIT_CONVERSION = YES;
				GCC_WARN_ABOUT_RETURN_TYPE = YES_ERROR;
				GCC_WARN_UNDECLARED_SELECTOR = YES;
				GCC_WARN_UNINITIALIZED_AUTOS = YES_AGGRESSIVE;
				GCC_WARN_UNUSED_FUNCTION = YES;
				GCC_WARN_UNUSED_VARIABLE = YES;
				IPHONEOS_DEPLOYMENT_TARGET = 14.5;
				MTL_ENABLE_DEBUG_INFO = INCLUDE_SOURCE;
				MTL_FAST_MATH = YES;
				ONLY_ACTIVE_ARCH = YES;
				SDKROOT = iphoneos;
				SWIFT_ACTIVE_COMPILATION_CONDITIONS = DEBUG;
				SWIFT_OPTIMIZATION_LEVEL = "-Onone";
			};
			name = Debug;
		};
		D4E8997D267B12C000A6A20A /* Release */ = {
			isa = XCBuildConfiguration;
			buildSettings = {
				ALWAYS_SEARCH_USER_PATHS = NO;
				CLANG_ANALYZER_NONNULL = YES;
				CLANG_ANALYZER_NUMBER_OBJECT_CONVERSION = YES_AGGRESSIVE;
				CLANG_CXX_LANGUAGE_STANDARD = "gnu++14";
				CLANG_CXX_LIBRARY = "libc++";
				CLANG_ENABLE_MODULES = YES;
				CLANG_ENABLE_OBJC_ARC = YES;
				CLANG_ENABLE_OBJC_WEAK = YES;
				CLANG_WARN_BLOCK_CAPTURE_AUTORELEASING = YES;
				CLANG_WARN_BOOL_CONVERSION = YES;
				CLANG_WARN_COMMA = YES;
				CLANG_WARN_CONSTANT_CONVERSION = YES;
				CLANG_WARN_DEPRECATED_OBJC_IMPLEMENTATIONS = YES;
				CLANG_WARN_DIRECT_OBJC_ISA_USAGE = YES_ERROR;
				CLANG_WARN_DOCUMENTATION_COMMENTS = YES;
				CLANG_WARN_EMPTY_BODY = YES;
				CLANG_WARN_ENUM_CONVERSION = YES;
				CLANG_WARN_INFINITE_RECURSION = YES;
				CLANG_WARN_INT_CONVERSION = YES;
				CLANG_WARN_NON_LITERAL_NULL_CONVERSION = YES;
				CLANG_WARN_OBJC_IMPLICIT_RETAIN_SELF = YES;
				CLANG_WARN_OBJC_LITERAL_CONVERSION = YES;
				CLANG_WARN_OBJC_ROOT_CLASS = YES_ERROR;
				CLANG_WARN_QUOTED_INCLUDE_IN_FRAMEWORK_HEADER = YES;
				CLANG_WARN_RANGE_LOOP_ANALYSIS = YES;
				CLANG_WARN_STRICT_PROTOTYPES = YES;
				CLANG_WARN_SUSPICIOUS_MOVE = YES;
				CLANG_WARN_UNGUARDED_AVAILABILITY = YES_AGGRESSIVE;
				CLANG_WARN_UNREACHABLE_CODE = YES;
				CLANG_WARN__DUPLICATE_METHOD_MATCH = YES;
				COPY_PHASE_STRIP = NO;
				DEBUG_INFORMATION_FORMAT = "dwarf-with-dsym";
				ENABLE_NS_ASSERTIONS = NO;
				ENABLE_STRICT_OBJC_MSGSEND = YES;
				GCC_C_LANGUAGE_STANDARD = gnu11;
				GCC_NO_COMMON_BLOCKS = YES;
				GCC_WARN_64_TO_32_BIT_CONVERSION = YES;
				GCC_WARN_ABOUT_RETURN_TYPE = YES_ERROR;
				GCC_WARN_UNDECLARED_SELECTOR = YES;
				GCC_WARN_UNINITIALIZED_AUTOS = YES_AGGRESSIVE;
				GCC_WARN_UNUSED_FUNCTION = YES;
				GCC_WARN_UNUSED_VARIABLE = YES;
				IPHONEOS_DEPLOYMENT_TARGET = 14.5;
				MTL_ENABLE_DEBUG_INFO = NO;
				MTL_FAST_MATH = YES;
				SDKROOT = iphoneos;
				SWIFT_COMPILATION_MODE = wholemodule;
				SWIFT_OPTIMIZATION_LEVEL = "-O";
				VALIDATE_PRODUCT = YES;
			};
			name = Release;
		};
		D4E8997F267B12C000A6A20A /* Debug */ = {
			isa = XCBuildConfiguration;
			buildSettings = {
				ASSETCATALOG_COMPILER_APPICON_NAME = AppIcon;
				ASSETCATALOG_COMPILER_GLOBAL_ACCENT_COLOR_NAME = AccentColor;
				CODE_SIGN_STYLE = Automatic;
				DEVELOPMENT_TEAM = TZVHD77BLL;
				INFOPLIST_FILE = Animator/Info.plist;
				LD_RUNPATH_SEARCH_PATHS = (
					"$(inherited)",
					"@executable_path/Frameworks",
				);
				PRODUCT_BUNDLE_IDENTIFIER = jy.Animator;
				PRODUCT_NAME = "$(TARGET_NAME)";
				SWIFT_VERSION = 5.0;
				TARGETED_DEVICE_FAMILY = "1,2";
			};
			name = Debug;
		};
		D4E89980267B12C000A6A20A /* Release */ = {
			isa = XCBuildConfiguration;
			buildSettings = {
				ASSETCATALOG_COMPILER_APPICON_NAME = AppIcon;
				ASSETCATALOG_COMPILER_GLOBAL_ACCENT_COLOR_NAME = AccentColor;
				CODE_SIGN_STYLE = Automatic;
				DEVELOPMENT_TEAM = TZVHD77BLL;
				INFOPLIST_FILE = Animator/Info.plist;
				LD_RUNPATH_SEARCH_PATHS = (
					"$(inherited)",
					"@executable_path/Frameworks",
				);
				PRODUCT_BUNDLE_IDENTIFIER = jy.Animator;
				PRODUCT_NAME = "$(TARGET_NAME)";
				SWIFT_VERSION = 5.0;
				TARGETED_DEVICE_FAMILY = "1,2";
			};
			name = Release;
		};
/* End XCBuildConfiguration section */

/* Begin XCConfigurationList section */
		D4E89965267B12BF00A6A20A /* Build configuration list for PBXProject "Animator" */ = {
			isa = XCConfigurationList;
			buildConfigurations = (
				D4E8997C267B12C000A6A20A /* Debug */,
				D4E8997D267B12C000A6A20A /* Release */,
			);
			defaultConfigurationIsVisible = 0;
			defaultConfigurationName = Release;
		};
		D4E8997E267B12C000A6A20A /* Build configuration list for PBXNativeTarget "Animator" */ = {
			isa = XCConfigurationList;
			buildConfigurations = (
				D4E8997F267B12C000A6A20A /* Debug */,
				D4E89980267B12C000A6A20A /* Release */,
			);
			defaultConfigurationIsVisible = 0;
			defaultConfigurationName = Release;
		};
/* End XCConfigurationList section */
	};
	rootObject = D4E89962267B12BF00A6A20A /* Project object */;
}
