// !$*UTF8*$!
{
	archiveVersion = 1;
	classes = {
	};
	objectVersion = 50;
	objects = {

/* Begin PBXBuildFile section */
		D465154425CE5F2900CDA2EB /* AppDelegate.swift in Sources */ = {isa = PBXBuildFile; fileRef = D465154325CE5F2900CDA2EB /* AppDelegate.swift */; };
		D465154625CE5F2900CDA2EB /* SceneDelegate.swift in Sources */ = {isa = PBXBuildFile; fileRef = D465154525CE5F2900CDA2EB /* SceneDelegate.swift */; };
		D465154825CE5F2900CDA2EB /* ViewController.swift in Sources */ = {isa = PBXBuildFile; fileRef = D465154725CE5F2900CDA2EB /* ViewController.swift */; };
		D465154B25CE5F2900CDA2EB /* Main.storyboard in Resources */ = {isa = PBXBuildFile; fileRef = D465154925CE5F2900CDA2EB /* Main.storyboard */; };
		D465154D25CE5F2A00CDA2EB /* Assets.xcassets in Resources */ = {isa = PBXBuildFile; fileRef = D465154C25CE5F2A00CDA2EB /* Assets.xcassets */; };
		D465155025CE5F2A00CDA2EB /* LaunchScreen.storyboard in Resources */ = {isa = PBXBuildFile; fileRef = D465154E25CE5F2A00CDA2EB /* LaunchScreen.storyboard */; };
/* End PBXBuildFile section */

/* Begin PBXFileReference section */
		D465154025CE5F2900CDA2EB /* ViewHeirarchy.app */ = {isa = PBXFileReference; explicitFileType = wrapper.application; includeInIndex = 0; path = ViewHeirarchy.app; sourceTree = BUILT_PRODUCTS_DIR; };
		D465154325CE5F2900CDA2EB /* AppDelegate.swift */ = {isa = PBXFileReference; lastKnownFileType = sourcecode.swift; path = AppDelegate.swift; sourceTree = "<group>"; };
		D465154525CE5F2900CDA2EB /* SceneDelegate.swift */ = {isa = PBXFileReference; lastKnownFileType = sourcecode.swift; path = SceneDelegate.swift; sourceTree = "<group>"; };
		D465154725CE5F2900CDA2EB /* ViewController.swift */ = {isa = PBXFileReference; lastKnownFileType = sourcecode.swift; path = ViewController.swift; sourceTree = "<group>"; };
		D465154A25CE5F2900CDA2EB /* Base */ = {isa = PBXFileReference; lastKnownFileType = file.storyboard; name = Base; path = Base.lproj/Main.storyboard; sourceTree = "<group>"; };
		D465154C25CE5F2A00CDA2EB /* Assets.xcassets */ = {isa = PBXFileReference; lastKnownFileType = folder.assetcatalog; path = Assets.xcassets; sourceTree = "<group>"; };
		D465154F25CE5F2A00CDA2EB /* Base */ = {isa = PBXFileReference; lastKnownFileType = file.storyboard; name = Base; path = Base.lproj/LaunchScreen.storyboard; sourceTree = "<group>"; };
		D465155125CE5F2A00CDA2EB /* Info.plist */ = {isa = PBXFileReference; lastKnownFileType = text.plist.xml; path = Info.plist; sourceTree = "<group>"; };
/* End PBXFileReference section */

/* Begin PBXFrameworksBuildPhase section */
		D465153D25CE5F2900CDA2EB /* Frameworks */ = {
			isa = PBXFrameworksBuildPhase;
			buildActionMask = 2147483647;
			files = (
			);
			runOnlyForDeploymentPostprocessing = 0;
		};
/* End PBXFrameworksBuildPhase section */

/* Begin PBXGroup section */
		D465153725CE5F2900CDA2EB = {
			isa = PBXGroup;
			children = (
				D465154225CE5F2900CDA2EB /* ViewHeirarchy */,
				D465154125CE5F2900CDA2EB /* Products */,
			);
			sourceTree = "<group>";
		};
		D465154125CE5F2900CDA2EB /* Products */ = {
			isa = PBXGroup;
			children = (
				D465154025CE5F2900CDA2EB /* ViewHeirarchy.app */,
			);
			name = Products;
			sourceTree = "<group>";
		};
		D465154225CE5F2900CDA2EB /* ViewHeirarchy */ = {
			isa = PBXGroup;
			children = (
				D465154325CE5F2900CDA2EB /* AppDelegate.swift */,
				D465154525CE5F2900CDA2EB /* SceneDelegate.swift */,
				D465154725CE5F2900CDA2EB /* ViewController.swift */,
				D465154925CE5F2900CDA2EB /* Main.storyboard */,
				D465154C25CE5F2A00CDA2EB /* Assets.xcassets */,
				D465154E25CE5F2A00CDA2EB /* LaunchScreen.storyboard */,
				D465155125CE5F2A00CDA2EB /* Info.plist */,
			);
			path = ViewHeirarchy;
			sourceTree = "<group>";
		};
/* End PBXGroup section */

/* Begin PBXNativeTarget section */
		D465153F25CE5F2900CDA2EB /* ViewHeirarchy */ = {
			isa = PBXNativeTarget;
			buildConfigurationList = D465155425CE5F2A00CDA2EB /* Build configuration list for PBXNativeTarget "ViewHeirarchy" */;
			buildPhases = (
				D465153C25CE5F2900CDA2EB /* Sources */,
				D465153D25CE5F2900CDA2EB /* Frameworks */,
				D465153E25CE5F2900CDA2EB /* Resources */,
			);
			buildRules = (
			);
			dependencies = (
			);
			name = ViewHeirarchy;
			productName = ViewHeirarchy;
			productReference = D465154025CE5F2900CDA2EB /* ViewHeirarchy.app */;
			productType = "com.apple.product-type.application";
		};
/* End PBXNativeTarget section */

/* Begin PBXProject section */
		D465153825CE5F2900CDA2EB /* Project object */ = {
			isa = PBXProject;
			attributes = {
				LastSwiftUpdateCheck = 1240;
				LastUpgradeCheck = 1240;
				TargetAttributes = {
					D465153F25CE5F2900CDA2EB = {
						CreatedOnToolsVersion = 12.4;
					};
				};
			};
			buildConfigurationList = D465153B25CE5F2900CDA2EB /* Build configuration list for PBXProject "ViewHeirarchy" */;
			compatibilityVersion = "Xcode 9.3";
			developmentRegion = en;
			hasScannedForEncodings = 0;
			knownRegions = (
				en,
				Base,
			);
			mainGroup = D465153725CE5F2900CDA2EB;
			productRefGroup = D465154125CE5F2900CDA2EB /* Products */;
			projectDirPath = "";
			projectRoot = "";
			targets = (
				D465153F25CE5F2900CDA2EB /* ViewHeirarchy */,
			);
		};
/* End PBXProject section */

/* Begin PBXResourcesBuildPhase section */
		D465153E25CE5F2900CDA2EB /* Resources */ = {
			isa = PBXResourcesBuildPhase;
			buildActionMask = 2147483647;
			files = (
				D465155025CE5F2A00CDA2EB /* LaunchScreen.storyboard in Resources */,
				D465154D25CE5F2A00CDA2EB /* Assets.xcassets in Resources */,
				D465154B25CE5F2900CDA2EB /* Main.storyboard in Resources */,
			);
			runOnlyForDeploymentPostprocessing = 0;
		};
/* End PBXResourcesBuildPhase section */

/* Begin PBXSourcesBuildPhase section */
		D465153C25CE5F2900CDA2EB /* Sources */ = {
			isa = PBXSourcesBuildPhase;
			buildActionMask = 2147483647;
			files = (
				D465154825CE5F2900CDA2EB /* ViewController.swift in Sources */,
				D465154425CE5F2900CDA2EB /* AppDelegate.swift in Sources */,
				D465154625CE5F2900CDA2EB /* SceneDelegate.swift in Sources */,
			);
			runOnlyForDeploymentPostprocessing = 0;
		};
/* End PBXSourcesBuildPhase section */

/* Begin PBXVariantGroup section */
		D465154925CE5F2900CDA2EB /* Main.storyboard */ = {
			isa = PBXVariantGroup;
			children = (
				D465154A25CE5F2900CDA2EB /* Base */,
			);
			name = Main.storyboard;
			sourceTree = "<group>";
		};
		D465154E25CE5F2A00CDA2EB /* LaunchScreen.storyboard */ = {
			isa = PBXVariantGroup;
			children = (
				D465154F25CE5F2A00CDA2EB /* Base */,
			);
			name = LaunchScreen.storyboard;
			sourceTree = "<group>";
		};
/* End PBXVariantGroup section */

/* Begin XCBuildConfiguration section */
		D465155225CE5F2A00CDA2EB /* Debug */ = {
			isa = XCBuildConfiguration;
			buildSettings = {
				ALWAYS_SEARCH_USER_PATHS = NO;
				CLANG_ANALYZER_NONNULL = YES;
				CLANG_ANALYZER_NUMBER_OBJECT_CONVERSION = YES_AGGRESSIVE;
				CLANG_CXX_LANGUAGE_STANDARD = "gnu++14";
				CLANG_CXX_LIBRARY = "libc++";
				CLANG_ENABLE_MODULES = YES;
				CLANG_ENABLE_OBJC_ARC = YES;
				CLANG_ENABLE_OBJC_WEAK = YES;
				CLANG_WARN_BLOCK_CAPTURE_AUTORELEASING = YES;
				CLANG_WARN_BOOL_CONVERSION = YES;
				CLANG_WARN_COMMA = YES;
				CLANG_WARN_CONSTANT_CONVERSION = YES;
				CLANG_WARN_DEPRECATED_OBJC_IMPLEMENTATIONS = YES;
				CLANG_WARN_DIRECT_OBJC_ISA_USAGE = YES_ERROR;
				CLANG_WARN_DOCUMENTATION_COMMENTS = YES;
				CLANG_WARN_EMPTY_BODY = YES;
				CLANG_WARN_ENUM_CONVERSION = YES;
				CLANG_WARN_INFINITE_RECURSION = YES;
				CLANG_WARN_INT_CONVERSION = YES;
				CLANG_WARN_NON_LITERAL_NULL_CONVERSION = YES;
				CLANG_WARN_OBJC_IMPLICIT_RETAIN_SELF = YES;
				CLANG_WARN_OBJC_LITERAL_CONVERSION = YES;
				CLANG_WARN_OBJC_ROOT_CLASS = YES_ERROR;
				CLANG_WARN_QUOTED_INCLUDE_IN_FRAMEWORK_HEADER = YES;
				CLANG_WARN_RANGE_LOOP_ANALYSIS = YES;
				CLANG_WARN_STRICT_PROTOTYPES = YES;
				CLANG_WARN_SUSPICIOUS_MOVE = YES;
				CLANG_WARN_UNGUARDED_AVAILABILITY = YES_AGGRESSIVE;
				CLANG_WARN_UNREACHABLE_CODE = YES;
				CLANG_WARN__DUPLICATE_METHOD_MATCH = YES;
				COPY_PHASE_STRIP = NO;
				DEBUG_INFORMATION_FORMAT = dwarf;
				ENABLE_STRICT_OBJC_MSGSEND = YES;
				ENABLE_TESTABILITY = YES;
				GCC_C_LANGUAGE_STANDARD = gnu11;
				GCC_DYNAMIC_NO_PIC = NO;
				GCC_NO_COMMON_BLOCKS = YES;
				GCC_OPTIMIZATION_LEVEL = 0;
				GCC_PREPROCESSOR_DEFINITIONS = (
					"DEBUG=1",
					"$(inherited)",
				);
				GCC_WARN_64_TO_32_BIT_CONVERSION = YES;
				GCC_WARN_ABOUT_RETURN_TYPE = YES_ERROR;
				GCC_WARN_UNDECLARED_SELECTOR = YES;
				GCC_WARN_UNINITIALIZED_AUTOS = YES_AGGRESSIVE;
				GCC_WARN_UNUSED_FUNCTION = YES;
				GCC_WARN_UNUSED_VARIABLE = YES;
				IPHONEOS_DEPLOYMENT_TARGET = 14.4;
				MTL_ENABLE_DEBUG_INFO = INCLUDE_SOURCE;
				MTL_FAST_MATH = YES;
				ONLY_ACTIVE_ARCH = YES;
				SDKROOT = iphoneos;
				SWIFT_ACTIVE_COMPILATION_CONDITIONS = DEBUG;
				SWIFT_OPTIMIZATION_LEVEL = "-Onone";
			};
			name = Debug;
		};
		D465155325CE5F2A00CDA2EB /* Release */ = {
			isa = XCBuildConfiguration;
			buildSettings = {
				ALWAYS_SEARCH_USER_PATHS = NO;
				CLANG_ANALYZER_NONNULL = YES;
				CLANG_ANALYZER_NUMBER_OBJECT_CONVERSION = YES_AGGRESSIVE;
				CLANG_CXX_LANGUAGE_STANDARD = "gnu++14";
				CLANG_CXX_LIBRARY = "libc++";
				CLANG_ENABLE_MODULES = YES;
				CLANG_ENABLE_OBJC_ARC = YES;
				CLANG_ENABLE_OBJC_WEAK = YES;
				CLANG_WARN_BLOCK_CAPTURE_AUTORELEASING = YES;
				CLANG_WARN_BOOL_CONVERSION = YES;
				CLANG_WARN_COMMA = YES;
				CLANG_WARN_CONSTANT_CONVERSION = YES;
				CLANG_WARN_DEPRECATED_OBJC_IMPLEMENTATIONS = YES;
				CLANG_WARN_DIRECT_OBJC_ISA_USAGE = YES_ERROR;
				CLANG_WARN_DOCUMENTATION_COMMENTS = YES;
				CLANG_WARN_EMPTY_BODY = YES;
				CLANG_WARN_ENUM_CONVERSION = YES;
				CLANG_WARN_INFINITE_RECURSION = YES;
				CLANG_WARN_INT_CONVERSION = YES;
				CLANG_WARN_NON_LITERAL_NULL_CONVERSION = YES;
				CLANG_WARN_OBJC_IMPLICIT_RETAIN_SELF = YES;
				CLANG_WARN_OBJC_LITERAL_CONVERSION = YES;
				CLANG_WARN_OBJC_ROOT_CLASS = YES_ERROR;
				CLANG_WARN_QUOTED_INCLUDE_IN_FRAMEWORK_HEADER = YES;
				CLANG_WARN_RANGE_LOOP_ANALYSIS = YES;
				CLANG_WARN_STRICT_PROTOTYPES = YES;
				CLANG_WARN_SUSPICIOUS_MOVE = YES;
				CLANG_WARN_UNGUARDED_AVAILABILITY = YES_AGGRESSIVE;
				CLANG_WARN_UNREACHABLE_CODE = YES;
				CLANG_WARN__DUPLICATE_METHOD_MATCH = YES;
				COPY_PHASE_STRIP = NO;
				DEBUG_INFORMATION_FORMAT = "dwarf-with-dsym";
				ENABLE_NS_ASSERTIONS = NO;
				ENABLE_STRICT_OBJC_MSGSEND = YES;
				GCC_C_LANGUAGE_STANDARD = gnu11;
				GCC_NO_COMMON_BLOCKS = YES;
				GCC_WARN_64_TO_32_BIT_CONVERSION = YES;
				GCC_WARN_ABOUT_RETURN_TYPE = YES_ERROR;
				GCC_WARN_UNDECLARED_SELECTOR = YES;
				GCC_WARN_UNINITIALIZED_AUTOS = YES_AGGRESSIVE;
				GCC_WARN_UNUSED_FUNCTION = YES;
				GCC_WARN_UNUSED_VARIABLE = YES;
				IPHONEOS_DEPLOYMENT_TARGET = 14.4;
				MTL_ENABLE_DEBUG_INFO = NO;
				MTL_FAST_MATH = YES;
				SDKROOT = iphoneos;
				SWIFT_COMPILATION_MODE = wholemodule;
				SWIFT_OPTIMIZATION_LEVEL = "-O";
				VALIDATE_PRODUCT = YES;
			};
			name = Release;
		};
		D465155525CE5F2A00CDA2EB /* Debug */ = {
			isa = XCBuildConfiguration;
			buildSettings = {
				ASSETCATALOG_COMPILER_APPICON_NAME = AppIcon;
				ASSETCATALOG_COMPILER_GLOBAL_ACCENT_COLOR_NAME = AccentColor;
				CODE_SIGN_STYLE = Automatic;
				DEVELOPMENT_TEAM = TZVHD77BLL;
				INFOPLIST_FILE = ViewHeirarchy/Info.plist;
				LD_RUNPATH_SEARCH_PATHS = (
					"$(inherited)",
					"@executable_path/Frameworks",
				);
				PRODUCT_BUNDLE_IDENTIFIER = com.jaeyong.ViewHeirarchy;
				PRODUCT_NAME = "$(TARGET_NAME)";
				SWIFT_VERSION = 5.0;
				TARGETED_DEVICE_FAMILY = "1,2";
			};
			name = Debug;
		};
		D465155625CE5F2A00CDA2EB /* Release */ = {
			isa = XCBuildConfiguration;
			buildSettings = {
				ASSETCATALOG_COMPILER_APPICON_NAME = AppIcon;
				ASSETCATALOG_COMPILER_GLOBAL_ACCENT_COLOR_NAME = AccentColor;
				CODE_SIGN_STYLE = Automatic;
				DEVELOPMENT_TEAM = TZVHD77BLL;
				INFOPLIST_FILE = ViewHeirarchy/Info.plist;
				LD_RUNPATH_SEARCH_PATHS = (
					"$(inherited)",
					"@executable_path/Frameworks",
				);
				PRODUCT_BUNDLE_IDENTIFIER = com.jaeyong.ViewHeirarchy;
				PRODUCT_NAME = "$(TARGET_NAME)";
				SWIFT_VERSION = 5.0;
				TARGETED_DEVICE_FAMILY = "1,2";
			};
			name = Release;
		};
/* End XCBuildConfiguration section */

/* Begin XCConfigurationList section */
		D465153B25CE5F2900CDA2EB /* Build configuration list for PBXProject "ViewHeirarchy" */ = {
			isa = XCConfigurationList;
			buildConfigurations = (
				D465155225CE5F2A00CDA2EB /* Debug */,
				D465155325CE5F2A00CDA2EB /* Release */,
			);
			defaultConfigurationIsVisible = 0;
			defaultConfigurationName = Release;
		};
		D465155425CE5F2A00CDA2EB /* Build configuration list for PBXNativeTarget "ViewHeirarchy" */ = {
			isa = XCConfigurationList;
			buildConfigurations = (
				D465155525CE5F2A00CDA2EB /* Debug */,
				D465155625CE5F2A00CDA2EB /* Release */,
			);
			defaultConfigurationIsVisible = 0;
			defaultConfigurationName = Release;
		};
/* End XCConfigurationList section */
	};
	rootObject = D465153825CE5F2900CDA2EB /* Project object */;
}
