// !$*UTF8*$!
{
	archiveVersion = 1;
	classes = {
	};
	objectVersion = 50;
	objects = {

/* Begin PBXBuildFile section */
		D4D3B2BD25B4A810002E7ED9 /* AppDelegate.swift in Sources */ = {isa = PBXBuildFile; fileRef = D4D3B2BC25B4A810002E7ED9 /* AppDelegate.swift */; };
		D4D3B2BF25B4A810002E7ED9 /* SceneDelegate.swift in Sources */ = {isa = PBXBuildFile; fileRef = D4D3B2BE25B4A810002E7ED9 /* SceneDelegate.swift */; };
		D4D3B2C125B4A810002E7ED9 /* ViewController.swift in Sources */ = {isa = PBXBuildFile; fileRef = D4D3B2C025B4A810002E7ED9 /* ViewController.swift */; };
		D4D3B2C425B4A810002E7ED9 /* Main.storyboard in Resources */ = {isa = PBXBuildFile; fileRef = D4D3B2C225B4A810002E7ED9 /* Main.storyboard */; };
		D4D3B2C625B4A810002E7ED9 /* Assets.xcassets in Resources */ = {isa = PBXBuildFile; fileRef = D4D3B2C525B4A810002E7ED9 /* Assets.xcassets */; };
		D4D3B2C925B4A810002E7ED9 /* LaunchScreen.storyboard in Resources */ = {isa = PBXBuildFile; fileRef = D4D3B2C725B4A810002E7ED9 /* LaunchScreen.storyboard */; };
		D4D3B2D425B5AC37002E7ED9 /* AnimationOption.storyboard in Resources */ = {isa = PBXBuildFile; fileRef = D4D3B2D325B5AC37002E7ED9 /* AnimationOption.storyboard */; };
		D4D3B2D725B5AC49002E7ED9 /* AnimationOptionVC.swift in Sources */ = {isa = PBXBuildFile; fileRef = D4D3B2D625B5AC49002E7ED9 /* AnimationOptionVC.swift */; };
/* End PBXBuildFile section */

/* Begin PBXFileReference section */
		D4D3B2B925B4A810002E7ED9 /* AnimationUIView.app */ = {isa = PBXFileReference; explicitFileType = wrapper.application; includeInIndex = 0; path = AnimationUIView.app; sourceTree = BUILT_PRODUCTS_DIR; };
		D4D3B2BC25B4A810002E7ED9 /* AppDelegate.swift */ = {isa = PBXFileReference; lastKnownFileType = sourcecode.swift; path = AppDelegate.swift; sourceTree = "<group>"; };
		D4D3B2BE25B4A810002E7ED9 /* SceneDelegate.swift */ = {isa = PBXFileReference; lastKnownFileType = sourcecode.swift; path = SceneDelegate.swift; sourceTree = "<group>"; };
		D4D3B2C025B4A810002E7ED9 /* ViewController.swift */ = {isa = PBXFileReference; lastKnownFileType = sourcecode.swift; path = ViewController.swift; sourceTree = "<group>"; };
		D4D3B2C325B4A810002E7ED9 /* Base */ = {isa = PBXFileReference; lastKnownFileType = file.storyboard; name = Base; path = Base.lproj/Main.storyboard; sourceTree = "<group>"; };
		D4D3B2C525B4A810002E7ED9 /* Assets.xcassets */ = {isa = PBXFileReference; lastKnownFileType = folder.assetcatalog; path = Assets.xcassets; sourceTree = "<group>"; };
		D4D3B2C825B4A810002E7ED9 /* Base */ = {isa = PBXFileReference; lastKnownFileType = file.storyboard; name = Base; path = Base.lproj/LaunchScreen.storyboard; sourceTree = "<group>"; };
		D4D3B2CA25B4A810002E7ED9 /* Info.plist */ = {isa = PBXFileReference; lastKnownFileType = text.plist.xml; path = Info.plist; sourceTree = "<group>"; };
		D4D3B2D325B5AC37002E7ED9 /* AnimationOption.storyboard */ = {isa = PBXFileReference; lastKnownFileType = file.storyboard; path = AnimationOption.storyboard; sourceTree = "<group>"; };
		D4D3B2D625B5AC49002E7ED9 /* AnimationOptionVC.swift */ = {isa = PBXFileReference; lastKnownFileType = sourcecode.swift; path = AnimationOptionVC.swift; sourceTree = "<group>"; };
/* End PBXFileReference section */

/* Begin PBXFrameworksBuildPhase section */
		D4D3B2B625B4A810002E7ED9 /* Frameworks */ = {
			isa = PBXFrameworksBuildPhase;
			buildActionMask = 2147483647;
			files = (
			);
			runOnlyForDeploymentPostprocessing = 0;
		};
/* End PBXFrameworksBuildPhase section */

/* Begin PBXGroup section */
		D4D3B2B025B4A810002E7ED9 = {
			isa = PBXGroup;
			children = (
				D4D3B2BB25B4A810002E7ED9 /* AnimationUIView */,
				D4D3B2BA25B4A810002E7ED9 /* Products */,
			);
			sourceTree = "<group>";
		};
		D4D3B2BA25B4A810002E7ED9 /* Products */ = {
			isa = PBXGroup;
			children = (
				D4D3B2B925B4A810002E7ED9 /* AnimationUIView.app */,
			);
			name = Products;
			sourceTree = "<group>";
		};
		D4D3B2BB25B4A810002E7ED9 /* AnimationUIView */ = {
			isa = PBXGroup;
			children = (
				D4D3B2BC25B4A810002E7ED9 /* AppDelegate.swift */,
				D4D3B2D925B5AC7D002E7ED9 /* AnimationOption */,
				D4D3B2BE25B4A810002E7ED9 /* SceneDelegate.swift */,
				D4D3B2D125B5AC27002E7ED9 /* Basic */,
				D4D3B2C525B4A810002E7ED9 /* Assets.xcassets */,
				D4D3B2C725B4A810002E7ED9 /* LaunchScreen.storyboard */,
				D4D3B2CA25B4A810002E7ED9 /* Info.plist */,
			);
			path = AnimationUIView;
			sourceTree = "<group>";
		};
		D4D3B2D125B5AC27002E7ED9 /* Basic */ = {
			isa = PBXGroup;
			children = (
				D4D3B2C025B4A810002E7ED9 /* ViewController.swift */,
				D4D3B2C225B4A810002E7ED9 /* Main.storyboard */,
			);
			path = Basic;
			sourceTree = "<group>";
		};
		D4D3B2D925B5AC7D002E7ED9 /* AnimationOption */ = {
			isa = PBXGroup;
			children = (
				D4D3B2D325B5AC37002E7ED9 /* AnimationOption.storyboard */,
				D4D3B2D625B5AC49002E7ED9 /* AnimationOptionVC.swift */,
			);
			path = AnimationOption;
			sourceTree = "<group>";
		};
/* End PBXGroup section */

/* Begin PBXNativeTarget section */
		D4D3B2B825B4A810002E7ED9 /* AnimationUIView */ = {
			isa = PBXNativeTarget;
			buildConfigurationList = D4D3B2CD25B4A810002E7ED9 /* Build configuration list for PBXNativeTarget "AnimationUIView" */;
			buildPhases = (
				D4D3B2B525B4A810002E7ED9 /* Sources */,
				D4D3B2B625B4A810002E7ED9 /* Frameworks */,
				D4D3B2B725B4A810002E7ED9 /* Resources */,
			);
			buildRules = (
			);
			dependencies = (
			);
			name = AnimationUIView;
			productName = AnimationUIView;
			productReference = D4D3B2B925B4A810002E7ED9 /* AnimationUIView.app */;
			productType = "com.apple.product-type.application";
		};
/* End PBXNativeTarget section */

/* Begin PBXProject section */
		D4D3B2B125B4A810002E7ED9 /* Project object */ = {
			isa = PBXProject;
			attributes = {
				LastSwiftUpdateCheck = 1230;
				LastUpgradeCheck = 1230;
				TargetAttributes = {
					D4D3B2B825B4A810002E7ED9 = {
						CreatedOnToolsVersion = 12.3;
					};
				};
			};
			buildConfigurationList = D4D3B2B425B4A810002E7ED9 /* Build configuration list for PBXProject "AnimationUIView" */;
			compatibilityVersion = "Xcode 9.3";
			developmentRegion = en;
			hasScannedForEncodings = 0;
			knownRegions = (
				en,
				Base,
			);
			mainGroup = D4D3B2B025B4A810002E7ED9;
			productRefGroup = D4D3B2BA25B4A810002E7ED9 /* Products */;
			projectDirPath = "";
			projectRoot = "";
			targets = (
				D4D3B2B825B4A810002E7ED9 /* AnimationUIView */,
			);
		};
/* End PBXProject section */

/* Begin PBXResourcesBuildPhase section */
		D4D3B2B725B4A810002E7ED9 /* Resources */ = {
			isa = PBXResourcesBuildPhase;
			buildActionMask = 2147483647;
			files = (
				D4D3B2C925B4A810002E7ED9 /* LaunchScreen.storyboard in Resources */,
				D4D3B2C625B4A810002E7ED9 /* Assets.xcassets in Resources */,
				D4D3B2D425B5AC37002E7ED9 /* AnimationOption.storyboard in Resources */,
				D4D3B2C425B4A810002E7ED9 /* Main.storyboard in Resources */,
			);
			runOnlyForDeploymentPostprocessing = 0;
		};
/* End PBXResourcesBuildPhase section */

/* Begin PBXSourcesBuildPhase section */
		D4D3B2B525B4A810002E7ED9 /* Sources */ = {
			isa = PBXSourcesBuildPhase;
			buildActionMask = 2147483647;
			files = (
				D4D3B2D725B5AC49002E7ED9 /* AnimationOptionVC.swift in Sources */,
				D4D3B2C125B4A810002E7ED9 /* ViewController.swift in Sources */,
				D4D3B2BD25B4A810002E7ED9 /* AppDelegate.swift in Sources */,
				D4D3B2BF25B4A810002E7ED9 /* SceneDelegate.swift in Sources */,
			);
			runOnlyForDeploymentPostprocessing = 0;
		};
/* End PBXSourcesBuildPhase section */

/* Begin PBXVariantGroup section */
		D4D3B2C225B4A810002E7ED9 /* Main.storyboard */ = {
			isa = PBXVariantGroup;
			children = (
				D4D3B2C325B4A810002E7ED9 /* Base */,
			);
			name = Main.storyboard;
			sourceTree = "<group>";
		};
		D4D3B2C725B4A810002E7ED9 /* LaunchScreen.storyboard */ = {
			isa = PBXVariantGroup;
			children = (
				D4D3B2C825B4A810002E7ED9 /* Base */,
			);
			name = LaunchScreen.storyboard;
			sourceTree = "<group>";
		};
/* End PBXVariantGroup section */

/* Begin XCBuildConfiguration section */
		D4D3B2CB25B4A810002E7ED9 /* Debug */ = {
			isa = XCBuildConfiguration;
			buildSettings = {
				ALWAYS_SEARCH_USER_PATHS = NO;
				CLANG_ANALYZER_NONNULL = YES;
				CLANG_ANALYZER_NUMBER_OBJECT_CONVERSION = YES_AGGRESSIVE;
				CLANG_CXX_LANGUAGE_STANDARD = "gnu++14";
				CLANG_CXX_LIBRARY = "libc++";
				CLANG_ENABLE_MODULES = YES;
				CLANG_ENABLE_OBJC_ARC = YES;
				CLANG_ENABLE_OBJC_WEAK = YES;
				CLANG_WARN_BLOCK_CAPTURE_AUTORELEASING = YES;
				CLANG_WARN_BOOL_CONVERSION = YES;
				CLANG_WARN_COMMA = YES;
				CLANG_WARN_CONSTANT_CONVERSION = YES;
				CLANG_WARN_DEPRECATED_OBJC_IMPLEMENTATIONS = YES;
				CLANG_WARN_DIRECT_OBJC_ISA_USAGE = YES_ERROR;
				CLANG_WARN_DOCUMENTATION_COMMENTS = YES;
				CLANG_WARN_EMPTY_BODY = YES;
				CLANG_WARN_ENUM_CONVERSION = YES;
				CLANG_WARN_INFINITE_RECURSION = YES;
				CLANG_WARN_INT_CONVERSION = YES;
				CLANG_WARN_NON_LITERAL_NULL_CONVERSION = YES;
				CLANG_WARN_OBJC_IMPLICIT_RETAIN_SELF = YES;
				CLANG_WARN_OBJC_LITERAL_CONVERSION = YES;
				CLANG_WARN_OBJC_ROOT_CLASS = YES_ERROR;
				CLANG_WARN_QUOTED_INCLUDE_IN_FRAMEWORK_HEADER = YES;
				CLANG_WARN_RANGE_LOOP_ANALYSIS = YES;
				CLANG_WARN_STRICT_PROTOTYPES = YES;
				CLANG_WARN_SUSPICIOUS_MOVE = YES;
				CLANG_WARN_UNGUARDED_AVAILABILITY = YES_AGGRESSIVE;
				CLANG_WARN_UNREACHABLE_CODE = YES;
				CLANG_WARN__DUPLICATE_METHOD_MATCH = YES;
				COPY_PHASE_STRIP = NO;
				DEBUG_INFORMATION_FORMAT = dwarf;
				ENABLE_STRICT_OBJC_MSGSEND = YES;
				ENABLE_TESTABILITY = YES;
				GCC_C_LANGUAGE_STANDARD = gnu11;
				GCC_DYNAMIC_NO_PIC = NO;
				GCC_NO_COMMON_BLOCKS = YES;
				GCC_OPTIMIZATION_LEVEL = 0;
				GCC_PREPROCESSOR_DEFINITIONS = (
					"DEBUG=1",
					"$(inherited)",
				);
				GCC_WARN_64_TO_32_BIT_CONVERSION = YES;
				GCC_WARN_ABOUT_RETURN_TYPE = YES_ERROR;
				GCC_WARN_UNDECLARED_SELECTOR = YES;
				GCC_WARN_UNINITIALIZED_AUTOS = YES_AGGRESSIVE;
				GCC_WARN_UNUSED_FUNCTION = YES;
				GCC_WARN_UNUSED_VARIABLE = YES;
				IPHONEOS_DEPLOYMENT_TARGET = 14.3;
				MTL_ENABLE_DEBUG_INFO = INCLUDE_SOURCE;
				MTL_FAST_MATH = YES;
				ONLY_ACTIVE_ARCH = YES;
				SDKROOT = iphoneos;
				SWIFT_ACTIVE_COMPILATION_CONDITIONS = DEBUG;
				SWIFT_OPTIMIZATION_LEVEL = "-Onone";
			};
			name = Debug;
		};
		D4D3B2CC25B4A810002E7ED9 /* Release */ = {
			isa = XCBuildConfiguration;
			buildSettings = {
				ALWAYS_SEARCH_USER_PATHS = NO;
				CLANG_ANALYZER_NONNULL = YES;
				CLANG_ANALYZER_NUMBER_OBJECT_CONVERSION = YES_AGGRESSIVE;
				CLANG_CXX_LANGUAGE_STANDARD = "gnu++14";
				CLANG_CXX_LIBRARY = "libc++";
				CLANG_ENABLE_MODULES = YES;
				CLANG_ENABLE_OBJC_ARC = YES;
				CLANG_ENABLE_OBJC_WEAK = YES;
				CLANG_WARN_BLOCK_CAPTURE_AUTORELEASING = YES;
				CLANG_WARN_BOOL_CONVERSION = YES;
				CLANG_WARN_COMMA = YES;
				CLANG_WARN_CONSTANT_CONVERSION = YES;
				CLANG_WARN_DEPRECATED_OBJC_IMPLEMENTATIONS = YES;
				CLANG_WARN_DIRECT_OBJC_ISA_USAGE = YES_ERROR;
				CLANG_WARN_DOCUMENTATION_COMMENTS = YES;
				CLANG_WARN_EMPTY_BODY = YES;
				CLANG_WARN_ENUM_CONVERSION = YES;
				CLANG_WARN_INFINITE_RECURSION = YES;
				CLANG_WARN_INT_CONVERSION = YES;
				CLANG_WARN_NON_LITERAL_NULL_CONVERSION = YES;
				CLANG_WARN_OBJC_IMPLICIT_RETAIN_SELF = YES;
				CLANG_WARN_OBJC_LITERAL_CONVERSION = YES;
				CLANG_WARN_OBJC_ROOT_CLASS = YES_ERROR;
				CLANG_WARN_QUOTED_INCLUDE_IN_FRAMEWORK_HEADER = YES;
				CLANG_WARN_RANGE_LOOP_ANALYSIS = YES;
				CLANG_WARN_STRICT_PROTOTYPES = YES;
				CLANG_WARN_SUSPICIOUS_MOVE = YES;
				CLANG_WARN_UNGUARDED_AVAILABILITY = YES_AGGRESSIVE;
				CLANG_WARN_UNREACHABLE_CODE = YES;
				CLANG_WARN__DUPLICATE_METHOD_MATCH = YES;
				COPY_PHASE_STRIP = NO;
				DEBUG_INFORMATION_FORMAT = "dwarf-with-dsym";
				ENABLE_NS_ASSERTIONS = NO;
				ENABLE_STRICT_OBJC_MSGSEND = YES;
				GCC_C_LANGUAGE_STANDARD = gnu11;
				GCC_NO_COMMON_BLOCKS = YES;
				GCC_WARN_64_TO_32_BIT_CONVERSION = YES;
				GCC_WARN_ABOUT_RETURN_TYPE = YES_ERROR;
				GCC_WARN_UNDECLARED_SELECTOR = YES;
				GCC_WARN_UNINITIALIZED_AUTOS = YES_AGGRESSIVE;
				GCC_WARN_UNUSED_FUNCTION = YES;
				GCC_WARN_UNUSED_VARIABLE = YES;
				IPHONEOS_DEPLOYMENT_TARGET = 14.3;
				MTL_ENABLE_DEBUG_INFO = NO;
				MTL_FAST_MATH = YES;
				SDKROOT = iphoneos;
				SWIFT_COMPILATION_MODE = wholemodule;
				SWIFT_OPTIMIZATION_LEVEL = "-O";
				VALIDATE_PRODUCT = YES;
			};
			name = Release;
		};
		D4D3B2CE25B4A810002E7ED9 /* Debug */ = {
			isa = XCBuildConfiguration;
			buildSettings = {
				ASSETCATALOG_COMPILER_APPICON_NAME = AppIcon;
				ASSETCATALOG_COMPILER_GLOBAL_ACCENT_COLOR_NAME = AccentColor;
				CODE_SIGN_STYLE = Automatic;
				DEVELOPMENT_TEAM = TZVHD77BLL;
				INFOPLIST_FILE = AnimationUIView/Info.plist;
				LD_RUNPATH_SEARCH_PATHS = (
					"$(inherited)",
					"@executable_path/Frameworks",
				);
				PRODUCT_BUNDLE_IDENTIFIER = com.jaeyong.AnimationUIView;
				PRODUCT_NAME = "$(TARGET_NAME)";
				SWIFT_VERSION = 5.0;
				TARGETED_DEVICE_FAMILY = "1,2";
			};
			name = Debug;
		};
		D4D3B2CF25B4A810002E7ED9 /* Release */ = {
			isa = XCBuildConfiguration;
			buildSettings = {
				ASSETCATALOG_COMPILER_APPICON_NAME = AppIcon;
				ASSETCATALOG_COMPILER_GLOBAL_ACCENT_COLOR_NAME = AccentColor;
				CODE_SIGN_STYLE = Automatic;
				DEVELOPMENT_TEAM = TZVHD77BLL;
				INFOPLIST_FILE = AnimationUIView/Info.plist;
				LD_RUNPATH_SEARCH_PATHS = (
					"$(inherited)",
					"@executable_path/Frameworks",
				);
				PRODUCT_BUNDLE_IDENTIFIER = com.jaeyong.AnimationUIView;
				PRODUCT_NAME = "$(TARGET_NAME)";
				SWIFT_VERSION = 5.0;
				TARGETED_DEVICE_FAMILY = "1,2";
			};
			name = Release;
		};
/* End XCBuildConfiguration section */

/* Begin XCConfigurationList section */
		D4D3B2B425B4A810002E7ED9 /* Build configuration list for PBXProject "AnimationUIView" */ = {
			isa = XCConfigurationList;
			buildConfigurations = (
				D4D3B2CB25B4A810002E7ED9 /* Debug */,
				D4D3B2CC25B4A810002E7ED9 /* Release */,
			);
			defaultConfigurationIsVisible = 0;
			defaultConfigurationName = Release;
		};
		D4D3B2CD25B4A810002E7ED9 /* Build configuration list for PBXNativeTarget "AnimationUIView" */ = {
			isa = XCConfigurationList;
			buildConfigurations = (
				D4D3B2CE25B4A810002E7ED9 /* Debug */,
				D4D3B2CF25B4A810002E7ED9 /* Release */,
			);
			defaultConfigurationIsVisible = 0;
			defaultConfigurationName = Release;
		};
/* End XCConfigurationList section */
	};
	rootObject = D4D3B2B125B4A810002E7ED9 /* Project object */;
}
