// !$*UTF8*$!
{
	archiveVersion = 1;
	classes = {
	};
	objectVersion = 50;
	objects = {

/* Begin PBXBuildFile section */
		D40697F026294D5300C4C831 /* Extension+UIColor.swift in Sources */ = {isa = PBXBuildFile; fileRef = D40697EF26294D5300C4C831 /* Extension+UIColor.swift */; };
		D40697F32629521300C4C831 /* WeekdaysView.swift in Sources */ = {isa = PBXBuildFile; fileRef = D40697F22629521300C4C831 /* WeekdaysView.swift */; };
		D40697F7262953E900C4C831 /* CalendarView.swift in Sources */ = {isa = PBXBuildFile; fileRef = D40697F6262953E900C4C831 /* CalendarView.swift */; };
		D456C33D26284D1E000A2211 /* AppDelegate.swift in Sources */ = {isa = PBXBuildFile; fileRef = D456C33C26284D1E000A2211 /* AppDelegate.swift */; };
		D456C34126284D1E000A2211 /* ViewController.swift in Sources */ = {isa = PBXBuildFile; fileRef = D456C34026284D1E000A2211 /* ViewController.swift */; };
		D456C34626284D1F000A2211 /* Assets.xcassets in Resources */ = {isa = PBXBuildFile; fileRef = D456C34526284D1F000A2211 /* Assets.xcassets */; };
		D456C34926284D1F000A2211 /* LaunchScreen.storyboard in Resources */ = {isa = PBXBuildFile; fileRef = D456C34726284D1F000A2211 /* LaunchScreen.storyboard */; };
		D456C35B262851E9000A2211 /* MonthView.swift in Sources */ = {isa = PBXBuildFile; fileRef = D456C35A262851E9000A2211 /* MonthView.swift */; };
/* End PBXBuildFile section */

/* Begin PBXFileReference section */
		D40697EF26294D5300C4C831 /* Extension+UIColor.swift */ = {isa = PBXFileReference; lastKnownFileType = sourcecode.swift; path = "Extension+UIColor.swift"; sourceTree = "<group>"; };
		D40697F22629521300C4C831 /* WeekdaysView.swift */ = {isa = PBXFileReference; lastKnownFileType = sourcecode.swift; path = WeekdaysView.swift; sourceTree = "<group>"; };
		D40697F6262953E900C4C831 /* CalendarView.swift */ = {isa = PBXFileReference; lastKnownFileType = sourcecode.swift; path = CalendarView.swift; sourceTree = "<group>"; };
		D456C33926284D1E000A2211 /* CalendarTutorial.app */ = {isa = PBXFileReference; explicitFileType = wrapper.application; includeInIndex = 0; path = CalendarTutorial.app; sourceTree = BUILT_PRODUCTS_DIR; };
		D456C33C26284D1E000A2211 /* AppDelegate.swift */ = {isa = PBXFileReference; lastKnownFileType = sourcecode.swift; path = AppDelegate.swift; sourceTree = "<group>"; };
		D456C34026284D1E000A2211 /* ViewController.swift */ = {isa = PBXFileReference; lastKnownFileType = sourcecode.swift; path = ViewController.swift; sourceTree = "<group>"; };
		D456C34526284D1F000A2211 /* Assets.xcassets */ = {isa = PBXFileReference; lastKnownFileType = folder.assetcatalog; path = Assets.xcassets; sourceTree = "<group>"; };
		D456C34826284D1F000A2211 /* Base */ = {isa = PBXFileReference; lastKnownFileType = file.storyboard; name = Base; path = Base.lproj/LaunchScreen.storyboard; sourceTree = "<group>"; };
		D456C34A26284D1F000A2211 /* Info.plist */ = {isa = PBXFileReference; lastKnownFileType = text.plist.xml; path = Info.plist; sourceTree = "<group>"; };
		D456C35A262851E9000A2211 /* MonthView.swift */ = {isa = PBXFileReference; lastKnownFileType = sourcecode.swift; path = MonthView.swift; sourceTree = "<group>"; };
/* End PBXFileReference section */

/* Begin PBXFrameworksBuildPhase section */
		D456C33626284D1E000A2211 /* Frameworks */ = {
			isa = PBXFrameworksBuildPhase;
			buildActionMask = 2147483647;
			files = (
			);
			runOnlyForDeploymentPostprocessing = 0;
		};
/* End PBXFrameworksBuildPhase section */

/* Begin PBXGroup section */
		D40697F5262953AB00C4C831 /* Calendar */ = {
			isa = PBXGroup;
			children = (
				D456C35A262851E9000A2211 /* MonthView.swift */,
				D40697F6262953E900C4C831 /* CalendarView.swift */,
				D40697F22629521300C4C831 /* WeekdaysView.swift */,
			);
			path = Calendar;
			sourceTree = "<group>";
		};
		D456C33026284D1E000A2211 = {
			isa = PBXGroup;
			children = (
				D456C33B26284D1E000A2211 /* CalendarTutorial */,
				D456C33A26284D1E000A2211 /* Products */,
			);
			sourceTree = "<group>";
		};
		D456C33A26284D1E000A2211 /* Products */ = {
			isa = PBXGroup;
			children = (
				D456C33926284D1E000A2211 /* CalendarTutorial.app */,
			);
			name = Products;
			sourceTree = "<group>";
		};
		D456C33B26284D1E000A2211 /* CalendarTutorial */ = {
			isa = PBXGroup;
			children = (
				D456C33C26284D1E000A2211 /* AppDelegate.swift */,
				D40697F5262953AB00C4C831 /* Calendar */,
				D40697EF26294D5300C4C831 /* Extension+UIColor.swift */,
				D456C34026284D1E000A2211 /* ViewController.swift */,
				D456C34526284D1F000A2211 /* Assets.xcassets */,
				D456C34726284D1F000A2211 /* LaunchScreen.storyboard */,
				D456C34A26284D1F000A2211 /* Info.plist */,
			);
			path = CalendarTutorial;
			sourceTree = "<group>";
		};
/* End PBXGroup section */

/* Begin PBXNativeTarget section */
		D456C33826284D1E000A2211 /* CalendarTutorial */ = {
			isa = PBXNativeTarget;
			buildConfigurationList = D456C34D26284D1F000A2211 /* Build configuration list for PBXNativeTarget "CalendarTutorial" */;
			buildPhases = (
				D456C33526284D1E000A2211 /* Sources */,
				D456C33626284D1E000A2211 /* Frameworks */,
				D456C33726284D1E000A2211 /* Resources */,
			);
			buildRules = (
			);
			dependencies = (
			);
			name = CalendarTutorial;
			productName = CalendarTutorial;
			productReference = D456C33926284D1E000A2211 /* CalendarTutorial.app */;
			productType = "com.apple.product-type.application";
		};
/* End PBXNativeTarget section */

/* Begin PBXProject section */
		D456C33126284D1E000A2211 /* Project object */ = {
			isa = PBXProject;
			attributes = {
				LastSwiftUpdateCheck = 1240;
				LastUpgradeCheck = 1240;
				TargetAttributes = {
					D456C33826284D1E000A2211 = {
						CreatedOnToolsVersion = 12.4;
					};
				};
			};
			buildConfigurationList = D456C33426284D1E000A2211 /* Build configuration list for PBXProject "CalendarTutorial" */;
			compatibilityVersion = "Xcode 9.3";
			developmentRegion = en;
			hasScannedForEncodings = 0;
			knownRegions = (
				en,
				Base,
			);
			mainGroup = D456C33026284D1E000A2211;
			productRefGroup = D456C33A26284D1E000A2211 /* Products */;
			projectDirPath = "";
			projectRoot = "";
			targets = (
				D456C33826284D1E000A2211 /* CalendarTutorial */,
			);
		};
/* End PBXProject section */

/* Begin PBXResourcesBuildPhase section */
		D456C33726284D1E000A2211 /* Resources */ = {
			isa = PBXResourcesBuildPhase;
			buildActionMask = 2147483647;
			files = (
				D456C34926284D1F000A2211 /* LaunchScreen.storyboard in Resources */,
				D456C34626284D1F000A2211 /* Assets.xcassets in Resources */,
			);
			runOnlyForDeploymentPostprocessing = 0;
		};
/* End PBXResourcesBuildPhase section */

/* Begin PBXSourcesBuildPhase section */
		D456C33526284D1E000A2211 /* Sources */ = {
			isa = PBXSourcesBuildPhase;
			buildActionMask = 2147483647;
			files = (
				D456C34126284D1E000A2211 /* ViewController.swift in Sources */,
				D456C35B262851E9000A2211 /* MonthView.swift in Sources */,
				D40697F7262953E900C4C831 /* CalendarView.swift in Sources */,
				D456C33D26284D1E000A2211 /* AppDelegate.swift in Sources */,
				D40697F32629521300C4C831 /* WeekdaysView.swift in Sources */,
				D40697F026294D5300C4C831 /* Extension+UIColor.swift in Sources */,
			);
			runOnlyForDeploymentPostprocessing = 0;
		};
/* End PBXSourcesBuildPhase section */

/* Begin PBXVariantGroup section */
		D456C34726284D1F000A2211 /* LaunchScreen.storyboard */ = {
			isa = PBXVariantGroup;
			children = (
				D456C34826284D1F000A2211 /* Base */,
			);
			name = LaunchScreen.storyboard;
			sourceTree = "<group>";
		};
/* End PBXVariantGroup section */

/* Begin XCBuildConfiguration section */
		D456C34B26284D1F000A2211 /* Debug */ = {
			isa = XCBuildConfiguration;
			buildSettings = {
				ALWAYS_SEARCH_USER_PATHS = NO;
				CLANG_ANALYZER_NONNULL = YES;
				CLANG_ANALYZER_NUMBER_OBJECT_CONVERSION = YES_AGGRESSIVE;
				CLANG_CXX_LANGUAGE_STANDARD = "gnu++14";
				CLANG_CXX_LIBRARY = "libc++";
				CLANG_ENABLE_MODULES = YES;
				CLANG_ENABLE_OBJC_ARC = YES;
				CLANG_ENABLE_OBJC_WEAK = YES;
				CLANG_WARN_BLOCK_CAPTURE_AUTORELEASING = YES;
				CLANG_WARN_BOOL_CONVERSION = YES;
				CLANG_WARN_COMMA = YES;
				CLANG_WARN_CONSTANT_CONVERSION = YES;
				CLANG_WARN_DEPRECATED_OBJC_IMPLEMENTATIONS = YES;
				CLANG_WARN_DIRECT_OBJC_ISA_USAGE = YES_ERROR;
				CLANG_WARN_DOCUMENTATION_COMMENTS = YES;
				CLANG_WARN_EMPTY_BODY = YES;
				CLANG_WARN_ENUM_CONVERSION = YES;
				CLANG_WARN_INFINITE_RECURSION = YES;
				CLANG_WARN_INT_CONVERSION = YES;
				CLANG_WARN_NON_LITERAL_NULL_CONVERSION = YES;
				CLANG_WARN_OBJC_IMPLICIT_RETAIN_SELF = YES;
				CLANG_WARN_OBJC_LITERAL_CONVERSION = YES;
				CLANG_WARN_OBJC_ROOT_CLASS = YES_ERROR;
				CLANG_WARN_QUOTED_INCLUDE_IN_FRAMEWORK_HEADER = YES;
				CLANG_WARN_RANGE_LOOP_ANALYSIS = YES;
				CLANG_WARN_STRICT_PROTOTYPES = YES;
				CLANG_WARN_SUSPICIOUS_MOVE = YES;
				CLANG_WARN_UNGUARDED_AVAILABILITY = YES_AGGRESSIVE;
				CLANG_WARN_UNREACHABLE_CODE = YES;
				CLANG_WARN__DUPLICATE_METHOD_MATCH = YES;
				COPY_PHASE_STRIP = NO;
				DEBUG_INFORMATION_FORMAT = dwarf;
				ENABLE_STRICT_OBJC_MSGSEND = YES;
				ENABLE_TESTABILITY = YES;
				GCC_C_LANGUAGE_STANDARD = gnu11;
				GCC_DYNAMIC_NO_PIC = NO;
				GCC_NO_COMMON_BLOCKS = YES;
				GCC_OPTIMIZATION_LEVEL = 0;
				GCC_PREPROCESSOR_DEFINITIONS = (
					"DEBUG=1",
					"$(inherited)",
				);
				GCC_WARN_64_TO_32_BIT_CONVERSION = YES;
				GCC_WARN_ABOUT_RETURN_TYPE = YES_ERROR;
				GCC_WARN_UNDECLARED_SELECTOR = YES;
				GCC_WARN_UNINITIALIZED_AUTOS = YES_AGGRESSIVE;
				GCC_WARN_UNUSED_FUNCTION = YES;
				GCC_WARN_UNUSED_VARIABLE = YES;
				IPHONEOS_DEPLOYMENT_TARGET = 14.4;
				MTL_ENABLE_DEBUG_INFO = INCLUDE_SOURCE;
				MTL_FAST_MATH = YES;
				ONLY_ACTIVE_ARCH = YES;
				SDKROOT = iphoneos;
				SWIFT_ACTIVE_COMPILATION_CONDITIONS = DEBUG;
				SWIFT_OPTIMIZATION_LEVEL = "-Onone";
			};
			name = Debug;
		};
		D456C34C26284D1F000A2211 /* Release */ = {
			isa = XCBuildConfiguration;
			buildSettings = {
				ALWAYS_SEARCH_USER_PATHS = NO;
				CLANG_ANALYZER_NONNULL = YES;
				CLANG_ANALYZER_NUMBER_OBJECT_CONVERSION = YES_AGGRESSIVE;
				CLANG_CXX_LANGUAGE_STANDARD = "gnu++14";
				CLANG_CXX_LIBRARY = "libc++";
				CLANG_ENABLE_MODULES = YES;
				CLANG_ENABLE_OBJC_ARC = YES;
				CLANG_ENABLE_OBJC_WEAK = YES;
				CLANG_WARN_BLOCK_CAPTURE_AUTORELEASING = YES;
				CLANG_WARN_BOOL_CONVERSION = YES;
				CLANG_WARN_COMMA = YES;
				CLANG_WARN_CONSTANT_CONVERSION = YES;
				CLANG_WARN_DEPRECATED_OBJC_IMPLEMENTATIONS = YES;
				CLANG_WARN_DIRECT_OBJC_ISA_USAGE = YES_ERROR;
				CLANG_WARN_DOCUMENTATION_COMMENTS = YES;
				CLANG_WARN_EMPTY_BODY = YES;
				CLANG_WARN_ENUM_CONVERSION = YES;
				CLANG_WARN_INFINITE_RECURSION = YES;
				CLANG_WARN_INT_CONVERSION = YES;
				CLANG_WARN_NON_LITERAL_NULL_CONVERSION = YES;
				CLANG_WARN_OBJC_IMPLICIT_RETAIN_SELF = YES;
				CLANG_WARN_OBJC_LITERAL_CONVERSION = YES;
				CLANG_WARN_OBJC_ROOT_CLASS = YES_ERROR;
				CLANG_WARN_QUOTED_INCLUDE_IN_FRAMEWORK_HEADER = YES;
				CLANG_WARN_RANGE_LOOP_ANALYSIS = YES;
				CLANG_WARN_STRICT_PROTOTYPES = YES;
				CLANG_WARN_SUSPICIOUS_MOVE = YES;
				CLANG_WARN_UNGUARDED_AVAILABILITY = YES_AGGRESSIVE;
				CLANG_WARN_UNREACHABLE_CODE = YES;
				CLANG_WARN__DUPLICATE_METHOD_MATCH = YES;
				COPY_PHASE_STRIP = NO;
				DEBUG_INFORMATION_FORMAT = "dwarf-with-dsym";
				ENABLE_NS_ASSERTIONS = NO;
				ENABLE_STRICT_OBJC_MSGSEND = YES;
				GCC_C_LANGUAGE_STANDARD = gnu11;
				GCC_NO_COMMON_BLOCKS = YES;
				GCC_WARN_64_TO_32_BIT_CONVERSION = YES;
				GCC_WARN_ABOUT_RETURN_TYPE = YES_ERROR;
				GCC_WARN_UNDECLARED_SELECTOR = YES;
				GCC_WARN_UNINITIALIZED_AUTOS = YES_AGGRESSIVE;
				GCC_WARN_UNUSED_FUNCTION = YES;
				GCC_WARN_UNUSED_VARIABLE = YES;
				IPHONEOS_DEPLOYMENT_TARGET = 14.4;
				MTL_ENABLE_DEBUG_INFO = NO;
				MTL_FAST_MATH = YES;
				SDKROOT = iphoneos;
				SWIFT_COMPILATION_MODE = wholemodule;
				SWIFT_OPTIMIZATION_LEVEL = "-O";
				VALIDATE_PRODUCT = YES;
			};
			name = Release;
		};
		D456C34E26284D1F000A2211 /* Debug */ = {
			isa = XCBuildConfiguration;
			buildSettings = {
				ASSETCATALOG_COMPILER_APPICON_NAME = AppIcon;
				ASSETCATALOG_COMPILER_GLOBAL_ACCENT_COLOR_NAME = AccentColor;
				CODE_SIGN_STYLE = Automatic;
				DEVELOPMENT_TEAM = TZVHD77BLL;
				INFOPLIST_FILE = CalendarTutorial/Info.plist;
				LD_RUNPATH_SEARCH_PATHS = (
					"$(inherited)",
					"@executable_path/Frameworks",
				);
				PRODUCT_BUNDLE_IDENTIFIER = com.jaeyong.CalendarTutorial;
				PRODUCT_NAME = "$(TARGET_NAME)";
				SWIFT_VERSION = 5.0;
				TARGETED_DEVICE_FAMILY = "1,2";
			};
			name = Debug;
		};
		D456C34F26284D1F000A2211 /* Release */ = {
			isa = XCBuildConfiguration;
			buildSettings = {
				ASSETCATALOG_COMPILER_APPICON_NAME = AppIcon;
				ASSETCATALOG_COMPILER_GLOBAL_ACCENT_COLOR_NAME = AccentColor;
				CODE_SIGN_STYLE = Automatic;
				DEVELOPMENT_TEAM = TZVHD77BLL;
				INFOPLIST_FILE = CalendarTutorial/Info.plist;
				LD_RUNPATH_SEARCH_PATHS = (
					"$(inherited)",
					"@executable_path/Frameworks",
				);
				PRODUCT_BUNDLE_IDENTIFIER = com.jaeyong.CalendarTutorial;
				PRODUCT_NAME = "$(TARGET_NAME)";
				SWIFT_VERSION = 5.0;
				TARGETED_DEVICE_FAMILY = "1,2";
			};
			name = Release;
		};
/* End XCBuildConfiguration section */

/* Begin XCConfigurationList section */
		D456C33426284D1E000A2211 /* Build configuration list for PBXProject "CalendarTutorial" */ = {
			isa = XCConfigurationList;
			buildConfigurations = (
				D456C34B26284D1F000A2211 /* Debug */,
				D456C34C26284D1F000A2211 /* Release */,
			);
			defaultConfigurationIsVisible = 0;
			defaultConfigurationName = Release;
		};
		D456C34D26284D1F000A2211 /* Build configuration list for PBXNativeTarget "CalendarTutorial" */ = {
			isa = XCConfigurationList;
			buildConfigurations = (
				D456C34E26284D1F000A2211 /* Debug */,
				D456C34F26284D1F000A2211 /* Release */,
			);
			defaultConfigurationIsVisible = 0;
			defaultConfigurationName = Release;
		};
/* End XCConfigurationList section */
	};
	rootObject = D456C33126284D1E000A2211 /* Project object */;
}
