// !$*UTF8*$!
{
	archiveVersion = 1;
	classes = {
	};
	objectVersion = 50;
	objects = {

/* Begin PBXBuildFile section */
		D43F7F1E25A3855600EB9EC1 /* AppDelegate.swift in Sources */ = {isa = PBXBuildFile; fileRef = D43F7F1D25A3855600EB9EC1 /* AppDelegate.swift */; };
		D43F7F2025A3855600EB9EC1 /* SceneDelegate.swift in Sources */ = {isa = PBXBuildFile; fileRef = D43F7F1F25A3855600EB9EC1 /* SceneDelegate.swift */; };
		D43F7F2225A3855600EB9EC1 /* ViewController.swift in Sources */ = {isa = PBXBuildFile; fileRef = D43F7F2125A3855600EB9EC1 /* ViewController.swift */; };
		D43F7F2525A3855600EB9EC1 /* Main.storyboard in Resources */ = {isa = PBXBuildFile; fileRef = D43F7F2325A3855600EB9EC1 /* Main.storyboard */; };
		D43F7F2725A3855700EB9EC1 /* Assets.xcassets in Resources */ = {isa = PBXBuildFile; fileRef = D43F7F2625A3855700EB9EC1 /* Assets.xcassets */; };
		D43F7F2A25A3855700EB9EC1 /* LaunchScreen.storyboard in Resources */ = {isa = PBXBuildFile; fileRef = D43F7F2825A3855700EB9EC1 /* LaunchScreen.storyboard */; };
		D43F7F3325A3888800EB9EC1 /* CollectionViewCell.swift in Sources */ = {isa = PBXBuildFile; fileRef = D43F7F3225A3888800EB9EC1 /* CollectionViewCell.swift */; };
		D4BDF76B25A3A6EA0037EB62 /* PagingVC.swift in Sources */ = {isa = PBXBuildFile; fileRef = D4BDF76A25A3A6EA0037EB62 /* PagingVC.swift */; };
		D4BDF76E25A3A9770037EB62 /* CVC.swift in Sources */ = {isa = PBXBuildFile; fileRef = D4BDF76D25A3A9770037EB62 /* CVC.swift */; };
/* End PBXBuildFile section */

/* Begin PBXFileReference section */
		D43F7F1A25A3855600EB9EC1 /* CollectionViewFlowLayoutTutorial.app */ = {isa = PBXFileReference; explicitFileType = wrapper.application; includeInIndex = 0; path = CollectionViewFlowLayoutTutorial.app; sourceTree = BUILT_PRODUCTS_DIR; };
		D43F7F1D25A3855600EB9EC1 /* AppDelegate.swift */ = {isa = PBXFileReference; lastKnownFileType = sourcecode.swift; path = AppDelegate.swift; sourceTree = "<group>"; };
		D43F7F1F25A3855600EB9EC1 /* SceneDelegate.swift */ = {isa = PBXFileReference; lastKnownFileType = sourcecode.swift; path = SceneDelegate.swift; sourceTree = "<group>"; };
		D43F7F2125A3855600EB9EC1 /* ViewController.swift */ = {isa = PBXFileReference; lastKnownFileType = sourcecode.swift; path = ViewController.swift; sourceTree = "<group>"; };
		D43F7F2425A3855600EB9EC1 /* Base */ = {isa = PBXFileReference; lastKnownFileType = file.storyboard; name = Base; path = Base.lproj/Main.storyboard; sourceTree = "<group>"; };
		D43F7F2625A3855700EB9EC1 /* Assets.xcassets */ = {isa = PBXFileReference; lastKnownFileType = folder.assetcatalog; path = Assets.xcassets; sourceTree = "<group>"; };
		D43F7F2925A3855700EB9EC1 /* Base */ = {isa = PBXFileReference; lastKnownFileType = file.storyboard; name = Base; path = Base.lproj/LaunchScreen.storyboard; sourceTree = "<group>"; };
		D43F7F2B25A3855700EB9EC1 /* Info.plist */ = {isa = PBXFileReference; lastKnownFileType = text.plist.xml; path = Info.plist; sourceTree = "<group>"; };
		D43F7F3225A3888800EB9EC1 /* CollectionViewCell.swift */ = {isa = PBXFileReference; lastKnownFileType = sourcecode.swift; path = CollectionViewCell.swift; sourceTree = "<group>"; };
		D4BDF76A25A3A6EA0037EB62 /* PagingVC.swift */ = {isa = PBXFileReference; lastKnownFileType = sourcecode.swift; path = PagingVC.swift; sourceTree = "<group>"; };
		D4BDF76D25A3A9770037EB62 /* CVC.swift */ = {isa = PBXFileReference; lastKnownFileType = sourcecode.swift; path = CVC.swift; sourceTree = "<group>"; };
/* End PBXFileReference section */

/* Begin PBXFrameworksBuildPhase section */
		D43F7F1725A3855600EB9EC1 /* Frameworks */ = {
			isa = PBXFrameworksBuildPhase;
			buildActionMask = 2147483647;
			files = (
			);
			runOnlyForDeploymentPostprocessing = 0;
		};
/* End PBXFrameworksBuildPhase section */

/* Begin PBXGroup section */
		D43F7F1125A3855600EB9EC1 = {
			isa = PBXGroup;
			children = (
				D43F7F1C25A3855600EB9EC1 /* CollectionViewFlowLayoutTutorial */,
				D43F7F1B25A3855600EB9EC1 /* Products */,
			);
			sourceTree = "<group>";
		};
		D43F7F1B25A3855600EB9EC1 /* Products */ = {
			isa = PBXGroup;
			children = (
				D43F7F1A25A3855600EB9EC1 /* CollectionViewFlowLayoutTutorial.app */,
			);
			name = Products;
			sourceTree = "<group>";
		};
		D43F7F1C25A3855600EB9EC1 /* CollectionViewFlowLayoutTutorial */ = {
			isa = PBXGroup;
			children = (
				D43F7F1D25A3855600EB9EC1 /* AppDelegate.swift */,
				D43F7F1F25A3855600EB9EC1 /* SceneDelegate.swift */,
				D43F7F2125A3855600EB9EC1 /* ViewController.swift */,
				D43F7F3225A3888800EB9EC1 /* CollectionViewCell.swift */,
				D43F7F2325A3855600EB9EC1 /* Main.storyboard */,
				D4BDF76A25A3A6EA0037EB62 /* PagingVC.swift */,
				D4BDF76D25A3A9770037EB62 /* CVC.swift */,
				D43F7F2625A3855700EB9EC1 /* Assets.xcassets */,
				D43F7F2825A3855700EB9EC1 /* LaunchScreen.storyboard */,
				D43F7F2B25A3855700EB9EC1 /* Info.plist */,
			);
			path = CollectionViewFlowLayoutTutorial;
			sourceTree = "<group>";
		};
/* End PBXGroup section */

/* Begin PBXNativeTarget section */
		D43F7F1925A3855600EB9EC1 /* CollectionViewFlowLayoutTutorial */ = {
			isa = PBXNativeTarget;
			buildConfigurationList = D43F7F2E25A3855700EB9EC1 /* Build configuration list for PBXNativeTarget "CollectionViewFlowLayoutTutorial" */;
			buildPhases = (
				D43F7F1625A3855600EB9EC1 /* Sources */,
				D43F7F1725A3855600EB9EC1 /* Frameworks */,
				D43F7F1825A3855600EB9EC1 /* Resources */,
			);
			buildRules = (
			);
			dependencies = (
			);
			name = CollectionViewFlowLayoutTutorial;
			productName = CollectionViewFlowLayoutTutorial;
			productReference = D43F7F1A25A3855600EB9EC1 /* CollectionViewFlowLayoutTutorial.app */;
			productType = "com.apple.product-type.application";
		};
/* End PBXNativeTarget section */

/* Begin PBXProject section */
		D43F7F1225A3855600EB9EC1 /* Project object */ = {
			isa = PBXProject;
			attributes = {
				LastSwiftUpdateCheck = 1230;
				LastUpgradeCheck = 1230;
				TargetAttributes = {
					D43F7F1925A3855600EB9EC1 = {
						CreatedOnToolsVersion = 12.3;
					};
				};
			};
			buildConfigurationList = D43F7F1525A3855600EB9EC1 /* Build configuration list for PBXProject "CollectionViewFlowLayoutTutorial" */;
			compatibilityVersion = "Xcode 9.3";
			developmentRegion = en;
			hasScannedForEncodings = 0;
			knownRegions = (
				en,
				Base,
			);
			mainGroup = D43F7F1125A3855600EB9EC1;
			productRefGroup = D43F7F1B25A3855600EB9EC1 /* Products */;
			projectDirPath = "";
			projectRoot = "";
			targets = (
				D43F7F1925A3855600EB9EC1 /* CollectionViewFlowLayoutTutorial */,
			);
		};
/* End PBXProject section */

/* Begin PBXResourcesBuildPhase section */
		D43F7F1825A3855600EB9EC1 /* Resources */ = {
			isa = PBXResourcesBuildPhase;
			buildActionMask = 2147483647;
			files = (
				D43F7F2A25A3855700EB9EC1 /* LaunchScreen.storyboard in Resources */,
				D43F7F2725A3855700EB9EC1 /* Assets.xcassets in Resources */,
				D43F7F2525A3855600EB9EC1 /* Main.storyboard in Resources */,
			);
			runOnlyForDeploymentPostprocessing = 0;
		};
/* End PBXResourcesBuildPhase section */

/* Begin PBXSourcesBuildPhase section */
		D43F7F1625A3855600EB9EC1 /* Sources */ = {
			isa = PBXSourcesBuildPhase;
			buildActionMask = 2147483647;
			files = (
				D43F7F2225A3855600EB9EC1 /* ViewController.swift in Sources */,
				D4BDF76B25A3A6EA0037EB62 /* PagingVC.swift in Sources */,
				D4BDF76E25A3A9770037EB62 /* CVC.swift in Sources */,
				D43F7F1E25A3855600EB9EC1 /* AppDelegate.swift in Sources */,
				D43F7F3325A3888800EB9EC1 /* CollectionViewCell.swift in Sources */,
				D43F7F2025A3855600EB9EC1 /* SceneDelegate.swift in Sources */,
			);
			runOnlyForDeploymentPostprocessing = 0;
		};
/* End PBXSourcesBuildPhase section */

/* Begin PBXVariantGroup section */
		D43F7F2325A3855600EB9EC1 /* Main.storyboard */ = {
			isa = PBXVariantGroup;
			children = (
				D43F7F2425A3855600EB9EC1 /* Base */,
			);
			name = Main.storyboard;
			sourceTree = "<group>";
		};
		D43F7F2825A3855700EB9EC1 /* LaunchScreen.storyboard */ = {
			isa = PBXVariantGroup;
			children = (
				D43F7F2925A3855700EB9EC1 /* Base */,
			);
			name = LaunchScreen.storyboard;
			sourceTree = "<group>";
		};
/* End PBXVariantGroup section */

/* Begin XCBuildConfiguration section */
		D43F7F2C25A3855700EB9EC1 /* Debug */ = {
			isa = XCBuildConfiguration;
			buildSettings = {
				ALWAYS_SEARCH_USER_PATHS = NO;
				CLANG_ANALYZER_NONNULL = YES;
				CLANG_ANALYZER_NUMBER_OBJECT_CONVERSION = YES_AGGRESSIVE;
				CLANG_CXX_LANGUAGE_STANDARD = "gnu++14";
				CLANG_CXX_LIBRARY = "libc++";
				CLANG_ENABLE_MODULES = YES;
				CLANG_ENABLE_OBJC_ARC = YES;
				CLANG_ENABLE_OBJC_WEAK = YES;
				CLANG_WARN_BLOCK_CAPTURE_AUTORELEASING = YES;
				CLANG_WARN_BOOL_CONVERSION = YES;
				CLANG_WARN_COMMA = YES;
				CLANG_WARN_CONSTANT_CONVERSION = YES;
				CLANG_WARN_DEPRECATED_OBJC_IMPLEMENTATIONS = YES;
				CLANG_WARN_DIRECT_OBJC_ISA_USAGE = YES_ERROR;
				CLANG_WARN_DOCUMENTATION_COMMENTS = YES;
				CLANG_WARN_EMPTY_BODY = YES;
				CLANG_WARN_ENUM_CONVERSION = YES;
				CLANG_WARN_INFINITE_RECURSION = YES;
				CLANG_WARN_INT_CONVERSION = YES;
				CLANG_WARN_NON_LITERAL_NULL_CONVERSION = YES;
				CLANG_WARN_OBJC_IMPLICIT_RETAIN_SELF = YES;
				CLANG_WARN_OBJC_LITERAL_CONVERSION = YES;
				CLANG_WARN_OBJC_ROOT_CLASS = YES_ERROR;
				CLANG_WARN_QUOTED_INCLUDE_IN_FRAMEWORK_HEADER = YES;
				CLANG_WARN_RANGE_LOOP_ANALYSIS = YES;
				CLANG_WARN_STRICT_PROTOTYPES = YES;
				CLANG_WARN_SUSPICIOUS_MOVE = YES;
				CLANG_WARN_UNGUARDED_AVAILABILITY = YES_AGGRESSIVE;
				CLANG_WARN_UNREACHABLE_CODE = YES;
				CLANG_WARN__DUPLICATE_METHOD_MATCH = YES;
				COPY_PHASE_STRIP = NO;
				DEBUG_INFORMATION_FORMAT = dwarf;
				ENABLE_STRICT_OBJC_MSGSEND = YES;
				ENABLE_TESTABILITY = YES;
				GCC_C_LANGUAGE_STANDARD = gnu11;
				GCC_DYNAMIC_NO_PIC = NO;
				GCC_NO_COMMON_BLOCKS = YES;
				GCC_OPTIMIZATION_LEVEL = 0;
				GCC_PREPROCESSOR_DEFINITIONS = (
					"DEBUG=1",
					"$(inherited)",
				);
				GCC_WARN_64_TO_32_BIT_CONVERSION = YES;
				GCC_WARN_ABOUT_RETURN_TYPE = YES_ERROR;
				GCC_WARN_UNDECLARED_SELECTOR = YES;
				GCC_WARN_UNINITIALIZED_AUTOS = YES_AGGRESSIVE;
				GCC_WARN_UNUSED_FUNCTION = YES;
				GCC_WARN_UNUSED_VARIABLE = YES;
				IPHONEOS_DEPLOYMENT_TARGET = 14.3;
				MTL_ENABLE_DEBUG_INFO = INCLUDE_SOURCE;
				MTL_FAST_MATH = YES;
				ONLY_ACTIVE_ARCH = YES;
				SDKROOT = iphoneos;
				SWIFT_ACTIVE_COMPILATION_CONDITIONS = DEBUG;
				SWIFT_OPTIMIZATION_LEVEL = "-Onone";
			};
			name = Debug;
		};
		D43F7F2D25A3855700EB9EC1 /* Release */ = {
			isa = XCBuildConfiguration;
			buildSettings = {
				ALWAYS_SEARCH_USER_PATHS = NO;
				CLANG_ANALYZER_NONNULL = YES;
				CLANG_ANALYZER_NUMBER_OBJECT_CONVERSION = YES_AGGRESSIVE;
				CLANG_CXX_LANGUAGE_STANDARD = "gnu++14";
				CLANG_CXX_LIBRARY = "libc++";
				CLANG_ENABLE_MODULES = YES;
				CLANG_ENABLE_OBJC_ARC = YES;
				CLANG_ENABLE_OBJC_WEAK = YES;
				CLANG_WARN_BLOCK_CAPTURE_AUTORELEASING = YES;
				CLANG_WARN_BOOL_CONVERSION = YES;
				CLANG_WARN_COMMA = YES;
				CLANG_WARN_CONSTANT_CONVERSION = YES;
				CLANG_WARN_DEPRECATED_OBJC_IMPLEMENTATIONS = YES;
				CLANG_WARN_DIRECT_OBJC_ISA_USAGE = YES_ERROR;
				CLANG_WARN_DOCUMENTATION_COMMENTS = YES;
				CLANG_WARN_EMPTY_BODY = YES;
				CLANG_WARN_ENUM_CONVERSION = YES;
				CLANG_WARN_INFINITE_RECURSION = YES;
				CLANG_WARN_INT_CONVERSION = YES;
				CLANG_WARN_NON_LITERAL_NULL_CONVERSION = YES;
				CLANG_WARN_OBJC_IMPLICIT_RETAIN_SELF = YES;
				CLANG_WARN_OBJC_LITERAL_CONVERSION = YES;
				CLANG_WARN_OBJC_ROOT_CLASS = YES_ERROR;
				CLANG_WARN_QUOTED_INCLUDE_IN_FRAMEWORK_HEADER = YES;
				CLANG_WARN_RANGE_LOOP_ANALYSIS = YES;
				CLANG_WARN_STRICT_PROTOTYPES = YES;
				CLANG_WARN_SUSPICIOUS_MOVE = YES;
				CLANG_WARN_UNGUARDED_AVAILABILITY = YES_AGGRESSIVE;
				CLANG_WARN_UNREACHABLE_CODE = YES;
				CLANG_WARN__DUPLICATE_METHOD_MATCH = YES;
				COPY_PHASE_STRIP = NO;
				DEBUG_INFORMATION_FORMAT = "dwarf-with-dsym";
				ENABLE_NS_ASSERTIONS = NO;
				ENABLE_STRICT_OBJC_MSGSEND = YES;
				GCC_C_LANGUAGE_STANDARD = gnu11;
				GCC_NO_COMMON_BLOCKS = YES;
				GCC_WARN_64_TO_32_BIT_CONVERSION = YES;
				GCC_WARN_ABOUT_RETURN_TYPE = YES_ERROR;
				GCC_WARN_UNDECLARED_SELECTOR = YES;
				GCC_WARN_UNINITIALIZED_AUTOS = YES_AGGRESSIVE;
				GCC_WARN_UNUSED_FUNCTION = YES;
				GCC_WARN_UNUSED_VARIABLE = YES;
				IPHONEOS_DEPLOYMENT_TARGET = 14.3;
				MTL_ENABLE_DEBUG_INFO = NO;
				MTL_FAST_MATH = YES;
				SDKROOT = iphoneos;
				SWIFT_COMPILATION_MODE = wholemodule;
				SWIFT_OPTIMIZATION_LEVEL = "-O";
				VALIDATE_PRODUCT = YES;
			};
			name = Release;
		};
		D43F7F2F25A3855700EB9EC1 /* Debug */ = {
			isa = XCBuildConfiguration;
			buildSettings = {
				ASSETCATALOG_COMPILER_APPICON_NAME = AppIcon;
				ASSETCATALOG_COMPILER_GLOBAL_ACCENT_COLOR_NAME = AccentColor;
				CODE_SIGN_STYLE = Automatic;
				DEVELOPMENT_TEAM = TZVHD77BLL;
				INFOPLIST_FILE = CollectionViewFlowLayoutTutorial/Info.plist;
				LD_RUNPATH_SEARCH_PATHS = (
					"$(inherited)",
					"@executable_path/Frameworks",
				);
				PRODUCT_BUNDLE_IDENTIFIER = com.jaeyong.CollectionViewFlowLayoutTutorial;
				PRODUCT_NAME = "$(TARGET_NAME)";
				SWIFT_VERSION = 5.0;
				TARGETED_DEVICE_FAMILY = "1,2";
			};
			name = Debug;
		};
		D43F7F3025A3855700EB9EC1 /* Release */ = {
			isa = XCBuildConfiguration;
			buildSettings = {
				ASSETCATALOG_COMPILER_APPICON_NAME = AppIcon;
				ASSETCATALOG_COMPILER_GLOBAL_ACCENT_COLOR_NAME = AccentColor;
				CODE_SIGN_STYLE = Automatic;
				DEVELOPMENT_TEAM = TZVHD77BLL;
				INFOPLIST_FILE = CollectionViewFlowLayoutTutorial/Info.plist;
				LD_RUNPATH_SEARCH_PATHS = (
					"$(inherited)",
					"@executable_path/Frameworks",
				);
				PRODUCT_BUNDLE_IDENTIFIER = com.jaeyong.CollectionViewFlowLayoutTutorial;
				PRODUCT_NAME = "$(TARGET_NAME)";
				SWIFT_VERSION = 5.0;
				TARGETED_DEVICE_FAMILY = "1,2";
			};
			name = Release;
		};
/* End XCBuildConfiguration section */

/* Begin XCConfigurationList section */
		D43F7F1525A3855600EB9EC1 /* Build configuration list for PBXProject "CollectionViewFlowLayoutTutorial" */ = {
			isa = XCConfigurationList;
			buildConfigurations = (
				D43F7F2C25A3855700EB9EC1 /* Debug */,
				D43F7F2D25A3855700EB9EC1 /* Release */,
			);
			defaultConfigurationIsVisible = 0;
			defaultConfigurationName = Release;
		};
		D43F7F2E25A3855700EB9EC1 /* Build configuration list for PBXNativeTarget "CollectionViewFlowLayoutTutorial" */ = {
			isa = XCConfigurationList;
			buildConfigurations = (
				D43F7F2F25A3855700EB9EC1 /* Debug */,
				D43F7F3025A3855700EB9EC1 /* Release */,
			);
			defaultConfigurationIsVisible = 0;
			defaultConfigurationName = Release;
		};
/* End XCConfigurationList section */
	};
	rootObject = D43F7F1225A3855600EB9EC1 /* Project object */;
}
