// !$*UTF8*$!
{
	archiveVersion = 1;
	classes = {
	};
	objectVersion = 50;
	objects = {

/* Begin PBXBuildFile section */
		D48B7B4D25C12D4E00CB26EA /* AppDelegate.swift in Sources */ = {isa = PBXBuildFile; fileRef = D48B7B4C25C12D4E00CB26EA /* AppDelegate.swift */; };
		D48B7B4F25C12D4E00CB26EA /* SceneDelegate.swift in Sources */ = {isa = PBXBuildFile; fileRef = D48B7B4E25C12D4E00CB26EA /* SceneDelegate.swift */; };
		D48B7B5125C12D4E00CB26EA /* ViewController.swift in Sources */ = {isa = PBXBuildFile; fileRef = D48B7B5025C12D4E00CB26EA /* ViewController.swift */; };
		D48B7B5425C12D4E00CB26EA /* Main.storyboard in Resources */ = {isa = PBXBuildFile; fileRef = D48B7B5225C12D4E00CB26EA /* Main.storyboard */; };
		D48B7B5625C12D4E00CB26EA /* Assets.xcassets in Resources */ = {isa = PBXBuildFile; fileRef = D48B7B5525C12D4E00CB26EA /* Assets.xcassets */; };
		D48B7B5925C12D4E00CB26EA /* LaunchScreen.storyboard in Resources */ = {isa = PBXBuildFile; fileRef = D48B7B5725C12D4E00CB26EA /* LaunchScreen.storyboard */; };
		D48B7B6425C13C1E00CB26EA /* Concentration.swift in Sources */ = {isa = PBXBuildFile; fileRef = D48B7B6325C13C1E00CB26EA /* Concentration.swift */; };
		D48B7B6725C13D4D00CB26EA /* Card.swift in Sources */ = {isa = PBXBuildFile; fileRef = D48B7B6625C13D4D00CB26EA /* Card.swift */; };
		D48B7B6B25C15D0E00CB26EA /* MapKit.framework in Frameworks */ = {isa = PBXBuildFile; fileRef = D48B7B6A25C15D0E00CB26EA /* MapKit.framework */; };
/* End PBXBuildFile section */

/* Begin PBXFileReference section */
		D48B7B4925C12D4E00CB26EA /* Concentration.app */ = {isa = PBXFileReference; explicitFileType = wrapper.application; includeInIndex = 0; path = Concentration.app; sourceTree = BUILT_PRODUCTS_DIR; };
		D48B7B4C25C12D4E00CB26EA /* AppDelegate.swift */ = {isa = PBXFileReference; lastKnownFileType = sourcecode.swift; path = AppDelegate.swift; sourceTree = "<group>"; };
		D48B7B4E25C12D4E00CB26EA /* SceneDelegate.swift */ = {isa = PBXFileReference; lastKnownFileType = sourcecode.swift; path = SceneDelegate.swift; sourceTree = "<group>"; };
		D48B7B5025C12D4E00CB26EA /* ViewController.swift */ = {isa = PBXFileReference; lastKnownFileType = sourcecode.swift; path = ViewController.swift; sourceTree = "<group>"; };
		D48B7B5325C12D4E00CB26EA /* Base */ = {isa = PBXFileReference; lastKnownFileType = file.storyboard; name = Base; path = Base.lproj/Main.storyboard; sourceTree = "<group>"; };
		D48B7B5525C12D4E00CB26EA /* Assets.xcassets */ = {isa = PBXFileReference; lastKnownFileType = folder.assetcatalog; path = Assets.xcassets; sourceTree = "<group>"; };
		D48B7B5825C12D4E00CB26EA /* Base */ = {isa = PBXFileReference; lastKnownFileType = file.storyboard; name = Base; path = Base.lproj/LaunchScreen.storyboard; sourceTree = "<group>"; };
		D48B7B5A25C12D4E00CB26EA /* Info.plist */ = {isa = PBXFileReference; lastKnownFileType = text.plist.xml; path = Info.plist; sourceTree = "<group>"; };
		D48B7B6325C13C1E00CB26EA /* Concentration.swift */ = {isa = PBXFileReference; lastKnownFileType = sourcecode.swift; path = Concentration.swift; sourceTree = "<group>"; };
		D48B7B6625C13D4D00CB26EA /* Card.swift */ = {isa = PBXFileReference; lastKnownFileType = sourcecode.swift; path = Card.swift; sourceTree = "<group>"; };
		D48B7B6A25C15D0E00CB26EA /* MapKit.framework */ = {isa = PBXFileReference; lastKnownFileType = wrapper.framework; name = MapKit.framework; path = System/Library/Frameworks/MapKit.framework; sourceTree = SDKROOT; };
/* End PBXFileReference section */

/* Begin PBXFrameworksBuildPhase section */
		D48B7B4625C12D4D00CB26EA /* Frameworks */ = {
			isa = PBXFrameworksBuildPhase;
			buildActionMask = 2147483647;
			files = (
				D48B7B6B25C15D0E00CB26EA /* MapKit.framework in Frameworks */,
			);
			runOnlyForDeploymentPostprocessing = 0;
		};
/* End PBXFrameworksBuildPhase section */

/* Begin PBXGroup section */
		D48B7B4025C12D4D00CB26EA = {
			isa = PBXGroup;
			children = (
				D48B7B4B25C12D4E00CB26EA /* Concentration */,
				D48B7B4A25C12D4E00CB26EA /* Products */,
				D48B7B6925C15D0E00CB26EA /* Frameworks */,
			);
			sourceTree = "<group>";
		};
		D48B7B4A25C12D4E00CB26EA /* Products */ = {
			isa = PBXGroup;
			children = (
				D48B7B4925C12D4E00CB26EA /* Concentration.app */,
			);
			name = Products;
			sourceTree = "<group>";
		};
		D48B7B4B25C12D4E00CB26EA /* Concentration */ = {
			isa = PBXGroup;
			children = (
				D48B7B6125C12DE500CB26EA /* Supporting Files */,
				D48B7B5025C12D4E00CB26EA /* ViewController.swift */,
				D48B7B6325C13C1E00CB26EA /* Concentration.swift */,
				D48B7B6625C13D4D00CB26EA /* Card.swift */,
				D48B7B5225C12D4E00CB26EA /* Main.storyboard */,
				D48B7B5A25C12D4E00CB26EA /* Info.plist */,
			);
			path = Concentration;
			sourceTree = "<group>";
		};
		D48B7B6125C12DE500CB26EA /* Supporting Files */ = {
			isa = PBXGroup;
			children = (
				D48B7B4C25C12D4E00CB26EA /* AppDelegate.swift */,
				D48B7B4E25C12D4E00CB26EA /* SceneDelegate.swift */,
				D48B7B5525C12D4E00CB26EA /* Assets.xcassets */,
				D48B7B5725C12D4E00CB26EA /* LaunchScreen.storyboard */,
			);
			path = "Supporting Files";
			sourceTree = "<group>";
		};
		D48B7B6925C15D0E00CB26EA /* Frameworks */ = {
			isa = PBXGroup;
			children = (
				D48B7B6A25C15D0E00CB26EA /* MapKit.framework */,
			);
			name = Frameworks;
			sourceTree = "<group>";
		};
/* End PBXGroup section */

/* Begin PBXNativeTarget section */
		D48B7B4825C12D4D00CB26EA /* Concentration */ = {
			isa = PBXNativeTarget;
			buildConfigurationList = D48B7B5D25C12D4E00CB26EA /* Build configuration list for PBXNativeTarget "Concentration" */;
			buildPhases = (
				D48B7B4525C12D4D00CB26EA /* Sources */,
				D48B7B4625C12D4D00CB26EA /* Frameworks */,
				D48B7B4725C12D4D00CB26EA /* Resources */,
			);
			buildRules = (
			);
			dependencies = (
			);
			name = Concentration;
			productName = Concentration;
			productReference = D48B7B4925C12D4E00CB26EA /* Concentration.app */;
			productType = "com.apple.product-type.application";
		};
/* End PBXNativeTarget section */

/* Begin PBXProject section */
		D48B7B4125C12D4D00CB26EA /* Project object */ = {
			isa = PBXProject;
			attributes = {
				LastSwiftUpdateCheck = 1230;
				LastUpgradeCheck = 1230;
				TargetAttributes = {
					D48B7B4825C12D4D00CB26EA = {
						CreatedOnToolsVersion = 12.3;
					};
				};
			};
			buildConfigurationList = D48B7B4425C12D4D00CB26EA /* Build configuration list for PBXProject "Concentration" */;
			compatibilityVersion = "Xcode 9.3";
			developmentRegion = en;
			hasScannedForEncodings = 0;
			knownRegions = (
				en,
				Base,
			);
			mainGroup = D48B7B4025C12D4D00CB26EA;
			productRefGroup = D48B7B4A25C12D4E00CB26EA /* Products */;
			projectDirPath = "";
			projectRoot = "";
			targets = (
				D48B7B4825C12D4D00CB26EA /* Concentration */,
			);
		};
/* End PBXProject section */

/* Begin PBXResourcesBuildPhase section */
		D48B7B4725C12D4D00CB26EA /* Resources */ = {
			isa = PBXResourcesBuildPhase;
			buildActionMask = 2147483647;
			files = (
				D48B7B5925C12D4E00CB26EA /* LaunchScreen.storyboard in Resources */,
				D48B7B5625C12D4E00CB26EA /* Assets.xcassets in Resources */,
				D48B7B5425C12D4E00CB26EA /* Main.storyboard in Resources */,
			);
			runOnlyForDeploymentPostprocessing = 0;
		};
/* End PBXResourcesBuildPhase section */

/* Begin PBXSourcesBuildPhase section */
		D48B7B4525C12D4D00CB26EA /* Sources */ = {
			isa = PBXSourcesBuildPhase;
			buildActionMask = 2147483647;
			files = (
				D48B7B5125C12D4E00CB26EA /* ViewController.swift in Sources */,
				D48B7B6425C13C1E00CB26EA /* Concentration.swift in Sources */,
				D48B7B6725C13D4D00CB26EA /* Card.swift in Sources */,
				D48B7B4D25C12D4E00CB26EA /* AppDelegate.swift in Sources */,
				D48B7B4F25C12D4E00CB26EA /* SceneDelegate.swift in Sources */,
			);
			runOnlyForDeploymentPostprocessing = 0;
		};
/* End PBXSourcesBuildPhase section */

/* Begin PBXVariantGroup section */
		D48B7B5225C12D4E00CB26EA /* Main.storyboard */ = {
			isa = PBXVariantGroup;
			children = (
				D48B7B5325C12D4E00CB26EA /* Base */,
			);
			name = Main.storyboard;
			sourceTree = "<group>";
		};
		D48B7B5725C12D4E00CB26EA /* LaunchScreen.storyboard */ = {
			isa = PBXVariantGroup;
			children = (
				D48B7B5825C12D4E00CB26EA /* Base */,
			);
			name = LaunchScreen.storyboard;
			sourceTree = "<group>";
		};
/* End PBXVariantGroup section */

/* Begin XCBuildConfiguration section */
		D48B7B5B25C12D4E00CB26EA /* Debug */ = {
			isa = XCBuildConfiguration;
			buildSettings = {
				ALWAYS_SEARCH_USER_PATHS = NO;
				CLANG_ANALYZER_NONNULL = YES;
				CLANG_ANALYZER_NUMBER_OBJECT_CONVERSION = YES_AGGRESSIVE;
				CLANG_CXX_LANGUAGE_STANDARD = "gnu++14";
				CLANG_CXX_LIBRARY = "libc++";
				CLANG_ENABLE_MODULES = YES;
				CLANG_ENABLE_OBJC_ARC = YES;
				CLANG_ENABLE_OBJC_WEAK = YES;
				CLANG_WARN_BLOCK_CAPTURE_AUTORELEASING = YES;
				CLANG_WARN_BOOL_CONVERSION = YES;
				CLANG_WARN_COMMA = YES;
				CLANG_WARN_CONSTANT_CONVERSION = YES;
				CLANG_WARN_DEPRECATED_OBJC_IMPLEMENTATIONS = YES;
				CLANG_WARN_DIRECT_OBJC_ISA_USAGE = YES_ERROR;
				CLANG_WARN_DOCUMENTATION_COMMENTS = YES;
				CLANG_WARN_EMPTY_BODY = YES;
				CLANG_WARN_ENUM_CONVERSION = YES;
				CLANG_WARN_INFINITE_RECURSION = YES;
				CLANG_WARN_INT_CONVERSION = YES;
				CLANG_WARN_NON_LITERAL_NULL_CONVERSION = YES;
				CLANG_WARN_OBJC_IMPLICIT_RETAIN_SELF = YES;
				CLANG_WARN_OBJC_LITERAL_CONVERSION = YES;
				CLANG_WARN_OBJC_ROOT_CLASS = YES_ERROR;
				CLANG_WARN_QUOTED_INCLUDE_IN_FRAMEWORK_HEADER = YES;
				CLANG_WARN_RANGE_LOOP_ANALYSIS = YES;
				CLANG_WARN_STRICT_PROTOTYPES = YES;
				CLANG_WARN_SUSPICIOUS_MOVE = YES;
				CLANG_WARN_UNGUARDED_AVAILABILITY = YES_AGGRESSIVE;
				CLANG_WARN_UNREACHABLE_CODE = YES;
				CLANG_WARN__DUPLICATE_METHOD_MATCH = YES;
				COPY_PHASE_STRIP = NO;
				DEBUG_INFORMATION_FORMAT = dwarf;
				ENABLE_STRICT_OBJC_MSGSEND = YES;
				ENABLE_TESTABILITY = YES;
				GCC_C_LANGUAGE_STANDARD = gnu11;
				GCC_DYNAMIC_NO_PIC = NO;
				GCC_NO_COMMON_BLOCKS = YES;
				GCC_OPTIMIZATION_LEVEL = 0;
				GCC_PREPROCESSOR_DEFINITIONS = (
					"DEBUG=1",
					"$(inherited)",
				);
				GCC_WARN_64_TO_32_BIT_CONVERSION = YES;
				GCC_WARN_ABOUT_RETURN_TYPE = YES_ERROR;
				GCC_WARN_UNDECLARED_SELECTOR = YES;
				GCC_WARN_UNINITIALIZED_AUTOS = YES_AGGRESSIVE;
				GCC_WARN_UNUSED_FUNCTION = YES;
				GCC_WARN_UNUSED_VARIABLE = YES;
				IPHONEOS_DEPLOYMENT_TARGET = 14.3;
				MTL_ENABLE_DEBUG_INFO = INCLUDE_SOURCE;
				MTL_FAST_MATH = YES;
				ONLY_ACTIVE_ARCH = YES;
				SDKROOT = iphoneos;
				SWIFT_ACTIVE_COMPILATION_CONDITIONS = DEBUG;
				SWIFT_OPTIMIZATION_LEVEL = "-Onone";
			};
			name = Debug;
		};
		D48B7B5C25C12D4E00CB26EA /* Release */ = {
			isa = XCBuildConfiguration;
			buildSettings = {
				ALWAYS_SEARCH_USER_PATHS = NO;
				CLANG_ANALYZER_NONNULL = YES;
				CLANG_ANALYZER_NUMBER_OBJECT_CONVERSION = YES_AGGRESSIVE;
				CLANG_CXX_LANGUAGE_STANDARD = "gnu++14";
				CLANG_CXX_LIBRARY = "libc++";
				CLANG_ENABLE_MODULES = YES;
				CLANG_ENABLE_OBJC_ARC = YES;
				CLANG_ENABLE_OBJC_WEAK = YES;
				CLANG_WARN_BLOCK_CAPTURE_AUTORELEASING = YES;
				CLANG_WARN_BOOL_CONVERSION = YES;
				CLANG_WARN_COMMA = YES;
				CLANG_WARN_CONSTANT_CONVERSION = YES;
				CLANG_WARN_DEPRECATED_OBJC_IMPLEMENTATIONS = YES;
				CLANG_WARN_DIRECT_OBJC_ISA_USAGE = YES_ERROR;
				CLANG_WARN_DOCUMENTATION_COMMENTS = YES;
				CLANG_WARN_EMPTY_BODY = YES;
				CLANG_WARN_ENUM_CONVERSION = YES;
				CLANG_WARN_INFINITE_RECURSION = YES;
				CLANG_WARN_INT_CONVERSION = YES;
				CLANG_WARN_NON_LITERAL_NULL_CONVERSION = YES;
				CLANG_WARN_OBJC_IMPLICIT_RETAIN_SELF = YES;
				CLANG_WARN_OBJC_LITERAL_CONVERSION = YES;
				CLANG_WARN_OBJC_ROOT_CLASS = YES_ERROR;
				CLANG_WARN_QUOTED_INCLUDE_IN_FRAMEWORK_HEADER = YES;
				CLANG_WARN_RANGE_LOOP_ANALYSIS = YES;
				CLANG_WARN_STRICT_PROTOTYPES = YES;
				CLANG_WARN_SUSPICIOUS_MOVE = YES;
				CLANG_WARN_UNGUARDED_AVAILABILITY = YES_AGGRESSIVE;
				CLANG_WARN_UNREACHABLE_CODE = YES;
				CLANG_WARN__DUPLICATE_METHOD_MATCH = YES;
				COPY_PHASE_STRIP = NO;
				DEBUG_INFORMATION_FORMAT = "dwarf-with-dsym";
				ENABLE_NS_ASSERTIONS = NO;
				ENABLE_STRICT_OBJC_MSGSEND = YES;
				GCC_C_LANGUAGE_STANDARD = gnu11;
				GCC_NO_COMMON_BLOCKS = YES;
				GCC_WARN_64_TO_32_BIT_CONVERSION = YES;
				GCC_WARN_ABOUT_RETURN_TYPE = YES_ERROR;
				GCC_WARN_UNDECLARED_SELECTOR = YES;
				GCC_WARN_UNINITIALIZED_AUTOS = YES_AGGRESSIVE;
				GCC_WARN_UNUSED_FUNCTION = YES;
				GCC_WARN_UNUSED_VARIABLE = YES;
				IPHONEOS_DEPLOYMENT_TARGET = 14.3;
				MTL_ENABLE_DEBUG_INFO = NO;
				MTL_FAST_MATH = YES;
				SDKROOT = iphoneos;
				SWIFT_COMPILATION_MODE = wholemodule;
				SWIFT_OPTIMIZATION_LEVEL = "-O";
				VALIDATE_PRODUCT = YES;
			};
			name = Release;
		};
		D48B7B5E25C12D4E00CB26EA /* Debug */ = {
			isa = XCBuildConfiguration;
			buildSettings = {
				ASSETCATALOG_COMPILER_APPICON_NAME = AppIcon;
				ASSETCATALOG_COMPILER_GLOBAL_ACCENT_COLOR_NAME = AccentColor;
				CODE_SIGN_STYLE = Automatic;
				DEVELOPMENT_TEAM = TZVHD77BLL;
				INFOPLIST_FILE = Concentration/Info.plist;
				LD_RUNPATH_SEARCH_PATHS = (
					"$(inherited)",
					"@executable_path/Frameworks",
				);
				PRODUCT_BUNDLE_IDENTIFIER = com.jaeyong.Concentration;
				PRODUCT_NAME = "$(TARGET_NAME)";
				SWIFT_VERSION = 5.0;
				TARGETED_DEVICE_FAMILY = "1,2";
			};
			name = Debug;
		};
		D48B7B5F25C12D4E00CB26EA /* Release */ = {
			isa = XCBuildConfiguration;
			buildSettings = {
				ASSETCATALOG_COMPILER_APPICON_NAME = AppIcon;
				ASSETCATALOG_COMPILER_GLOBAL_ACCENT_COLOR_NAME = AccentColor;
				CODE_SIGN_STYLE = Automatic;
				DEVELOPMENT_TEAM = TZVHD77BLL;
				INFOPLIST_FILE = Concentration/Info.plist;
				LD_RUNPATH_SEARCH_PATHS = (
					"$(inherited)",
					"@executable_path/Frameworks",
				);
				PRODUCT_BUNDLE_IDENTIFIER = com.jaeyong.Concentration;
				PRODUCT_NAME = "$(TARGET_NAME)";
				SWIFT_VERSION = 5.0;
				TARGETED_DEVICE_FAMILY = "1,2";
			};
			name = Release;
		};
/* End XCBuildConfiguration section */

/* Begin XCConfigurationList section */
		D48B7B4425C12D4D00CB26EA /* Build configuration list for PBXProject "Concentration" */ = {
			isa = XCConfigurationList;
			buildConfigurations = (
				D48B7B5B25C12D4E00CB26EA /* Debug */,
				D48B7B5C25C12D4E00CB26EA /* Release */,
			);
			defaultConfigurationIsVisible = 0;
			defaultConfigurationName = Release;
		};
		D48B7B5D25C12D4E00CB26EA /* Build configuration list for PBXNativeTarget "Concentration" */ = {
			isa = XCConfigurationList;
			buildConfigurations = (
				D48B7B5E25C12D4E00CB26EA /* Debug */,
				D48B7B5F25C12D4E00CB26EA /* Release */,
			);
			defaultConfigurationIsVisible = 0;
			defaultConfigurationName = Release;
		};
/* End XCConfigurationList section */
	};
	rootObject = D48B7B4125C12D4D00CB26EA /* Project object */;
}
